
Microsoft Visual Studio Solution File, Format Version 12.00
# Visual Studio 2012
Project("{FAE04EC0-301F-11D3-BF4B-00C04F79EFBC}") = "Weverca.Parser", "..\..\..\VSProjects\Realisation\Weverca.Parser\Weverca.Parser.csproj", "{CADF9418-C0F6-4E56-B39E-33522603D0BC}"
EndProject
Project("{FAE04EC0-301F-11D3-BF4B-00C04F79EFBC}") = "Core", "..\..\..\External Sources\PhalangerOriginal\Source\Core\Core.csproj", "{9A2867A2-981C-4B5A-A1C5-EACCC80B5148}"
EndProject
Project("{FAE04EC0-301F-11D3-BF4B-00C04F79EFBC}") = "Weverca.Parser.Tester", "..\..\..\VSProjects\Marcel\Weverca.Parser.Tester\Weverca.Parser.Tester.csproj", "{5A766979-C92A-443D-A976-0DFAAC987EEB}"
EndProject
Project("{FAE04EC0-301F-11D3-BF4B-00C04F79EFBC}") = "Weverca.ControlFlowGraph", "..\..\..\VSProjects\Realisation\Weverca.ControlFlowGraph\Weverca.ControlFlowGraph.csproj", "{C0520BD9-F65F-4DD9-BC71-8E3D3B306707}"
EndProject
Project("{FAE04EC0-301F-11D3-BF4B-00C04F79EFBC}") = "Weverca.Function.Tester", "..\..\..\VSProjects\Marcel\Weverca.Function.Tester\Weverca.Function.Tester\Weverca.Function.Tester.csproj", "{7E7ECFA3-CEEE-48C6-8119-B1E7FD83448D}"
EndProject
Project("{FAE04EC0-301F-11D3-BF4B-00C04F79EFBC}") = "ClassLibrary", "..\..\..\External Sources\PhalangerOriginal\Source\ClassLibrary\ClassLibrary.csproj", "{D515E8F4-357C-4CAF-87C1-97D64C5F865A}"
EndProject
Project("{FAE04EC0-301F-11D3-BF4B-00C04F79EFBC}") = "Weverca.TaintedAnalysis", "..\..\..\VSProjects\Realisation\Weverca.TaintedAnalysis\Weverca.TaintedAnalysis.csproj", "{40CAC1FE-2E53-4F41-ABEA-1A2BB0A4E782}"
EndProject
Global
	GlobalSection(SolutionConfigurationPlatforms) = preSolution
		Debug|Any CPU = Debug|Any CPU
		Release|Any CPU = Release|Any CPU
	EndGlobalSection
	GlobalSection(ProjectConfigurationPlatforms) = postSolution
		{CADF9418-C0F6-4E56-B39E-33522603D0BC}.Debug|Any CPU.ActiveCfg = Debug|Any CPU
		{CADF9418-C0F6-4E56-B39E-33522603D0BC}.Debug|Any CPU.Build.0 = Debug|Any CPU
		{CADF9418-C0F6-4E56-B39E-33522603D0BC}.Release|Any CPU.ActiveCfg = Release|Any CPU
		{CADF9418-C0F6-4E56-B39E-33522603D0BC}.Release|Any CPU.Build.0 = Release|Any CPU
		{9A2867A2-981C-4B5A-A1C5-EACCC80B5148}.Debug|Any CPU.ActiveCfg = Debug|Any CPU
		{9A2867A2-981C-4B5A-A1C5-EACCC80B5148}.Debug|Any CPU.Build.0 = Debug|Any CPU
		{9A2867A2-981C-4B5A-A1C5-EACCC80B5148}.Release|Any CPU.ActiveCfg = Release|Any CPU
		{9A2867A2-981C-4B5A-A1C5-EACCC80B5148}.Release|Any CPU.Build.0 = Release|Any CPU
		{5A766979-C92A-443D-A976-0DFAAC987EEB}.Debug|Any CPU.ActiveCfg = Debug|Any CPU
		{5A766979-C92A-443D-A976-0DFAAC987EEB}.Debug|Any CPU.Build.0 = Debug|Any CPU
		{5A766979-C92A-443D-A976-0DFAAC987EEB}.Release|Any CPU.ActiveCfg = Release|Any CPU
		{5A766979-C92A-443D-A976-0DFAAC987EEB}.Release|Any CPU.Build.0 = Release|Any CPU
		{C0520BD9-F65F-4DD9-BC71-8E3D3B306707}.Debug|Any CPU.ActiveCfg = Debug|Any CPU
		{C0520BD9-F65F-4DD9-BC71-8E3D3B306707}.Debug|Any CPU.Build.0 = Debug|Any CPU
		{C0520BD9-F65F-4DD9-BC71-8E3D3B306707}.Release|Any CPU.ActiveCfg = Release|Any CPU
		{C0520BD9-F65F-4DD9-BC71-8E3D3B306707}.Release|Any CPU.Build.0 = Release|Any CPU
		{7E7ECFA3-CEEE-48C6-8119-B1E7FD83448D}.Debug|Any CPU.ActiveCfg = Debug|Any CPU
		{7E7ECFA3-CEEE-48C6-8119-B1E7FD83448D}.Debug|Any CPU.Build.0 = Debug|Any CPU
		{7E7ECFA3-CEEE-48C6-8119-B1E7FD83448D}.Release|Any CPU.ActiveCfg = Release|Any CPU
		{7E7ECFA3-CEEE-48C6-8119-B1E7FD83448D}.Release|Any CPU.Build.0 = Release|Any CPU
		{D515E8F4-357C-4CAF-87C1-97D64C5F865A}.Debug|Any CPU.ActiveCfg = Debug|Any CPU
		{D515E8F4-357C-4CAF-87C1-97D64C5F865A}.Debug|Any CPU.Build.0 = Debug|Any CPU
		{D515E8F4-357C-4CAF-87C1-97D64C5F865A}.Release|Any CPU.ActiveCfg = Release|Any CPU
		{D515E8F4-357C-4CAF-87C1-97D64C5F865A}.Release|Any CPU.Build.0 = Release|Any CPU
		{40CAC1FE-2E53-4F41-ABEA-1A2BB0A4E782}.Debug|Any CPU.ActiveCfg = Debug|Any CPU
		{40CAC1FE-2E53-4F41-ABEA-1A2BB0A4E782}.Debug|Any CPU.Build.0 = Debug|Any CPU
		{40CAC1FE-2E53-4F41-ABEA-1A2BB0A4E782}.Release|Any CPU.ActiveCfg = Release|Any CPU
		{40CAC1FE-2E53-4F41-ABEA-1A2BB0A4E782}.Release|Any CPU.Build.0 = Release|Any CPU
	EndGlobalSection
	GlobalSection(SolutionProperties) = preSolution
		HideSolutionNode = FALSE
	EndGlobalSection
EndGlobal
