
Microsoft Visual Studio Solution File, Format Version 12.00
# Visual Studio 2012
Project("{FAE04EC0-301F-11D3-BF4B-00C04F79EFBC}") = "Weverca.Parser", "..\..\..\VSProjects\Realisation\Weverca.Parser\Weverca.Parser.csproj", "{CADF9418-C0F6-4E56-B39E-33522603D0BC}"
EndProject
Project("{FAE04EC0-301F-11D3-BF4B-00C04F79EFBC}") = "Core", "..\..\..\External Sources\PhalangerOriginal\Source\Core\Core.csproj", "{9A2867A2-981C-4B5A-A1C5-EACCC80B5148}"
EndProject
Project("{FAE04EC0-301F-11D3-BF4B-00C04F79EFBC}") = "Weverca.Parser.Tester", "..\..\..\VSProjects\Marcel\Weverca.Parser.Tester\Weverca.Parser.Tester.csproj", "{5A766979-C92A-443D-A976-0DFAAC987EEB}"
EndProject
Project("{FAE04EC0-301F-11D3-BF4B-00C04F79EFBC}") = "Weverca.ControlFlowGraph", "..\..\..\VSProjects\Realisation\Weverca.ControlFlowGraph\Weverca.ControlFlowGraph.csproj", "{C0520BD9-F65F-4DD9-BC71-8E3D3B306707}"
EndProject
Project("{FAE04EC0-301F-11D3-BF4B-00C04F79EFBC}") = "Weverca.CodeMetrics", "..\..\..\VSProjects\Realisation\Weverca.CodeMetrics\Weverca.CodeMetrics.csproj", "{880143F7-BD66-4ABD-96E7-86FDA5CF8161}"
EndProject
Project("{FAE04EC0-301F-11D3-BF4B-00C04F79EFBC}") = "Weverca.CodeMetrics.UnitTest", "..\..\..\VSProjects\Realisation\Weverca.CodeMetrics.UnitTest\Weverca.CodeMetrics.UnitTest.csproj", "{B942C23F-5666-4FDD-9813-7B8936C6EA93}"
EndProject
Project("{FAE04EC0-301F-11D3-BF4B-00C04F79EFBC}") = "Weverca.ControlFlowGraph.UnitTest", "..\..\..\VSProjects\Realisation\Weverca.ControlFlowGraph.UnitTest\Weverca.ControlFlowGraph.UnitTest.csproj", "{33FB3567-FB67-40C3-977A-44C8B7F0B351}"
EndProject
Project("{FAE04EC0-301F-11D3-BF4B-00C04F79EFBC}") = "Weverca.AnalysisFramework", "..\..\..\VSProjects\Realisation\Weverca.AnalysisFramework\Weverca.AnalysisFramework.csproj", "{ED9CA050-4D5B-4196-BFBE-DE908A25FCDC}"
EndProject
Project("{FAE04EC0-301F-11D3-BF4B-00C04F79EFBC}") = "Weverca.MemoryModels", "..\..\..\VSProjects\Realisation\Weverca.MemoryModels\Weverca.MemoryModels.csproj", "{01F0A818-EBE4-431B-9091-0E5DC99382AD}"
EndProject
Project("{FAE04EC0-301F-11D3-BF4B-00C04F79EFBC}") = "Weverca.MemoryModels.UnitTest", "..\..\..\VSProjects\Realisation\Weverca.MemoryModels.UnitTest\Weverca.MemoryModels.UnitTest.csproj", "{95B23A3A-D548-483C-B1C4-52AADCFC64DA}"
EndProject
Project("{FAE04EC0-301F-11D3-BF4B-00C04F79EFBC}") = "Weverca.AnalysisFramework.UnitTest", "..\..\..\VSProjects\Realisation\Weverca.AnalysisFramework.UnitTest\Weverca.AnalysisFramework.UnitTest.csproj", "{D6B94047-E7EB-4F27-A15F-BB3B8F8E1444}"
EndProject
Project("{FAE04EC0-301F-11D3-BF4B-00C04F79EFBC}") = "Weverca.Analysis", "..\..\..\VSProjects\Realisation\Weverca.Analysis\Weverca.Analysis.csproj", "{40CAC1FE-2E53-4F41-ABEA-1A2BB0A4E782}"
EndProject
Project("{FAE04EC0-301F-11D3-BF4B-00C04F79EFBC}") = "Weverca.Analysis.UnitTest", "..\..\..\VSProjects\Realisation\Weverca.Analysis.UnitTest\Weverca.Analysis.UnitTest.csproj", "{2B198688-9ED7-4FD4-9A95-86C4173119C8}"
EndProject
Project("{FAE04EC0-301F-11D3-BF4B-00C04F79EFBC}") = "Weverca", "..\..\..\VSProjects\Realisation\Weverca\Weverca.csproj", "{4A26A734-9A13-4B70-B2E1-7C448D4C73AC}"
EndProject
Global
	GlobalSection(SolutionConfigurationPlatforms) = preSolution
		Debug|Any CPU = Debug|Any CPU
		Release|Any CPU = Release|Any CPU
	EndGlobalSection
	GlobalSection(ProjectConfigurationPlatforms) = postSolution
		{CADF9418-C0F6-4E56-B39E-33522603D0BC}.Debug|Any CPU.ActiveCfg = Debug|Any CPU
		{CADF9418-C0F6-4E56-B39E-33522603D0BC}.Debug|Any CPU.Build.0 = Debug|Any CPU
		{CADF9418-C0F6-4E56-B39E-33522603D0BC}.Release|Any CPU.ActiveCfg = Release|Any CPU
		{CADF9418-C0F6-4E56-B39E-33522603D0BC}.Release|Any CPU.Build.0 = Release|Any CPU
		{9A2867A2-981C-4B5A-A1C5-EACCC80B5148}.Debug|Any CPU.ActiveCfg = Debug|Any CPU
		{9A2867A2-981C-4B5A-A1C5-EACCC80B5148}.Debug|Any CPU.Build.0 = Debug|Any CPU
		{9A2867A2-981C-4B5A-A1C5-EACCC80B5148}.Release|Any CPU.ActiveCfg = Release|Any CPU
		{9A2867A2-981C-4B5A-A1C5-EACCC80B5148}.Release|Any CPU.Build.0 = Release|Any CPU
		{5A766979-C92A-443D-A976-0DFAAC987EEB}.Debug|Any CPU.ActiveCfg = Debug|Any CPU
		{5A766979-C92A-443D-A976-0DFAAC987EEB}.Debug|Any CPU.Build.0 = Debug|Any CPU
		{5A766979-C92A-443D-A976-0DFAAC987EEB}.Release|Any CPU.ActiveCfg = Release|Any CPU
		{5A766979-C92A-443D-A976-0DFAAC987EEB}.Release|Any CPU.Build.0 = Release|Any CPU
		{C0520BD9-F65F-4DD9-BC71-8E3D3B306707}.Debug|Any CPU.ActiveCfg = Debug|Any CPU
		{C0520BD9-F65F-4DD9-BC71-8E3D3B306707}.Debug|Any CPU.Build.0 = Debug|Any CPU
		{C0520BD9-F65F-4DD9-BC71-8E3D3B306707}.Release|Any CPU.ActiveCfg = Release|Any CPU
		{C0520BD9-F65F-4DD9-BC71-8E3D3B306707}.Release|Any CPU.Build.0 = Release|Any CPU
		{880143F7-BD66-4ABD-96E7-86FDA5CF8161}.Debug|Any CPU.ActiveCfg = Debug|Any CPU
		{880143F7-BD66-4ABD-96E7-86FDA5CF8161}.Debug|Any CPU.Build.0 = Debug|Any CPU
		{880143F7-BD66-4ABD-96E7-86FDA5CF8161}.Release|Any CPU.ActiveCfg = Release|Any CPU
		{880143F7-BD66-4ABD-96E7-86FDA5CF8161}.Release|Any CPU.Build.0 = Release|Any CPU
		{B942C23F-5666-4FDD-9813-7B8936C6EA93}.Debug|Any CPU.ActiveCfg = Debug|Any CPU
		{B942C23F-5666-4FDD-9813-7B8936C6EA93}.Debug|Any CPU.Build.0 = Debug|Any CPU
		{B942C23F-5666-4FDD-9813-7B8936C6EA93}.Release|Any CPU.ActiveCfg = Release|Any CPU
		{B942C23F-5666-4FDD-9813-7B8936C6EA93}.Release|Any CPU.Build.0 = Release|Any CPU
		{33FB3567-FB67-40C3-977A-44C8B7F0B351}.Debug|Any CPU.ActiveCfg = Debug|Any CPU
		{33FB3567-FB67-40C3-977A-44C8B7F0B351}.Debug|Any CPU.Build.0 = Debug|Any CPU
		{33FB3567-FB67-40C3-977A-44C8B7F0B351}.Release|Any CPU.ActiveCfg = Release|Any CPU
		{33FB3567-FB67-40C3-977A-44C8B7F0B351}.Release|Any CPU.Build.0 = Release|Any CPU
		{ED9CA050-4D5B-4196-BFBE-DE908A25FCDC}.Debug|Any CPU.ActiveCfg = Debug|Any CPU
		{ED9CA050-4D5B-4196-BFBE-DE908A25FCDC}.Debug|Any CPU.Build.0 = Debug|Any CPU
		{ED9CA050-4D5B-4196-BFBE-DE908A25FCDC}.Release|Any CPU.ActiveCfg = Release|Any CPU
		{ED9CA050-4D5B-4196-BFBE-DE908A25FCDC}.Release|Any CPU.Build.0 = Release|Any CPU
		{01F0A818-EBE4-431B-9091-0E5DC99382AD}.Debug|Any CPU.ActiveCfg = Debug|Any CPU
		{01F0A818-EBE4-431B-9091-0E5DC99382AD}.Debug|Any CPU.Build.0 = Debug|Any CPU
		{01F0A818-EBE4-431B-9091-0E5DC99382AD}.Release|Any CPU.ActiveCfg = Release|Any CPU
		{01F0A818-EBE4-431B-9091-0E5DC99382AD}.Release|Any CPU.Build.0 = Release|Any CPU
		{95B23A3A-D548-483C-B1C4-52AADCFC64DA}.Debug|Any CPU.ActiveCfg = Debug|Any CPU
		{95B23A3A-D548-483C-B1C4-52AADCFC64DA}.Debug|Any CPU.Build.0 = Debug|Any CPU
		{95B23A3A-D548-483C-B1C4-52AADCFC64DA}.Release|Any CPU.ActiveCfg = Release|Any CPU
		{95B23A3A-D548-483C-B1C4-52AADCFC64DA}.Release|Any CPU.Build.0 = Release|Any CPU
		{D6B94047-E7EB-4F27-A15F-BB3B8F8E1444}.Debug|Any CPU.ActiveCfg = Debug|Any CPU
		{D6B94047-E7EB-4F27-A15F-BB3B8F8E1444}.Debug|Any CPU.Build.0 = Debug|Any CPU
		{D6B94047-E7EB-4F27-A15F-BB3B8F8E1444}.Release|Any CPU.ActiveCfg = Release|Any CPU
		{D6B94047-E7EB-4F27-A15F-BB3B8F8E1444}.Release|Any CPU.Build.0 = Release|Any CPU
		{40CAC1FE-2E53-4F41-ABEA-1A2BB0A4E782}.Debug|Any CPU.ActiveCfg = Debug|Any CPU
		{40CAC1FE-2E53-4F41-ABEA-1A2BB0A4E782}.Debug|Any CPU.Build.0 = Debug|Any CPU
		{40CAC1FE-2E53-4F41-ABEA-1A2BB0A4E782}.Release|Any CPU.ActiveCfg = Release|Any CPU
		{40CAC1FE-2E53-4F41-ABEA-1A2BB0A4E782}.Release|Any CPU.Build.0 = Release|Any CPU
		{2B198688-9ED7-4FD4-9A95-86C4173119C8}.Debug|Any CPU.ActiveCfg = Debug|Any CPU
		{2B198688-9ED7-4FD4-9A95-86C4173119C8}.Debug|Any CPU.Build.0 = Debug|Any CPU
		{2B198688-9ED7-4FD4-9A95-86C4173119C8}.Release|Any CPU.ActiveCfg = Release|Any CPU
		{2B198688-9ED7-4FD4-9A95-86C4173119C8}.Release|Any CPU.Build.0 = Release|Any CPU
		{4A26A734-9A13-4B70-B2E1-7C448D4C73AC}.Debug|Any CPU.ActiveCfg = Debug|Any CPU
		{4A26A734-9A13-4B70-B2E1-7C448D4C73AC}.Debug|Any CPU.Build.0 = Debug|Any CPU
		{4A26A734-9A13-4B70-B2E1-7C448D4C73AC}.Release|Any CPU.ActiveCfg = Release|Any CPU
		{4A26A734-9A13-4B70-B2E1-7C448D4C73AC}.Release|Any CPU.Build.0 = Release|Any CPU
	EndGlobalSection
	GlobalSection(SolutionProperties) = preSolution
		HideSolutionNode = FALSE
	EndGlobalSection
EndGlobal
