
Microsoft Visual Studio Solution File, Format Version 12.00
# Visual Studio 2013
VisualStudioVersion = 12.0.21005.1
MinimumVisualStudioVersion = 10.0.40219.1
Project("{FAE04EC0-301F-11D3-BF4B-00C04F79EFBC}") = "Weverca.Web", "..\..\..\VSProjects\Realisation\Weverca.Web\Weverca.Web.csproj", "{FC47902F-C2DE-4DFA-B525-22C4A611E263}"
EndProject
Project("{FAE04EC0-301F-11D3-BF4B-00C04F79EFBC}") = "Common.WebDefinitions", "..\..\..\VSProjects\Realisation\Common.WebDefinitions\Common.WebDefinitions.csproj", "{C7975503-5314-44C7-BE79-6321C16A92A2}"
EndProject
Global
	GlobalSection(SolutionConfigurationPlatforms) = preSolution
		Debug|Any CPU = Debug|Any CPU
		Release|Any CPU = Release|Any CPU
	EndGlobalSection
	GlobalSection(ProjectConfigurationPlatforms) = postSolution
		{FC47902F-C2DE-4DFA-B525-22C4A611E263}.Debug|Any CPU.ActiveCfg = Debug|Any CPU
		{FC47902F-C2DE-4DFA-B525-22C4A611E263}.Debug|Any CPU.Build.0 = Debug|Any CPU
		{FC47902F-C2DE-4DFA-B525-22C4A611E263}.Release|Any CPU.ActiveCfg = Release|Any CPU
		{FC47902F-C2DE-4DFA-B525-22C4A611E263}.Release|Any CPU.Build.0 = Release|Any CPU
		{C7975503-5314-44C7-BE79-6321C16A92A2}.Debug|Any CPU.ActiveCfg = Debug|Any CPU
		{C7975503-5314-44C7-BE79-6321C16A92A2}.Debug|Any CPU.Build.0 = Debug|Any CPU
		{C7975503-5314-44C7-BE79-6321C16A92A2}.Release|Any CPU.ActiveCfg = Release|Any CPU
		{C7975503-5314-44C7-BE79-6321C16A92A2}.Release|Any CPU.Build.0 = Release|Any CPU
	EndGlobalSection
	GlobalSection(SolutionProperties) = preSolution
		HideSolutionNode = FALSE
	EndGlobalSection
EndGlobal
