
Microsoft Visual Studio Solution File, Format Version 12.00
# Visual Studio 2013
VisualStudioVersion = 12.0.31101.0
MinimumVisualStudioVersion = 10.0.40219.1
Project("{FAE04EC0-301F-11D3-BF4B-00C04F79EFBC}") = "Core", "..\External Sources\PhalangerOriginal\Source\Core\Core.csproj", "{9A2867A2-981C-4B5A-A1C5-EACCC80B5148}"
EndProject
Project("{FAE04EC0-301F-11D3-BF4B-00C04F79EFBC}") = "ClassLibrary", "..\External Sources\PhalangerOriginal\Source\ClassLibrary\ClassLibrary.csproj", "{D515E8F4-357C-4CAF-87C1-97D64C5F865A}"
EndProject
Project("{FAE04EC0-301F-11D3-BF4B-00C04F79EFBC}") = "Weverca", "Weverca\Weverca.csproj", "{4A26A734-9A13-4B70-B2E1-7C448D4C73AC}"
EndProject
Project("{FAE04EC0-301F-11D3-BF4B-00C04F79EFBC}") = "Weverca.Analysis", "Weverca.Analysis\Weverca.Analysis.csproj", "{40CAC1FE-2E53-4F41-ABEA-1A2BB0A4E782}"
EndProject
Project("{FAE04EC0-301F-11D3-BF4B-00C04F79EFBC}") = "Weverca.Analysis.UnitTest", "Weverca.Analysis.UnitTest\Weverca.Analysis.UnitTest.csproj", "{2B198688-9ED7-4FD4-9A95-86C4173119C8}"
EndProject
Project("{FAE04EC0-301F-11D3-BF4B-00C04F79EFBC}") = "Weverca.AnalysisFramework", "Weverca.AnalysisFramework\Weverca.AnalysisFramework.csproj", "{ED9CA050-4D5B-4196-BFBE-DE908A25FCDC}"
EndProject
Project("{FAE04EC0-301F-11D3-BF4B-00C04F79EFBC}") = "Weverca.AnalysisFramework.UnitTest", "Weverca.AnalysisFramework.UnitTest\Weverca.AnalysisFramework.UnitTest.csproj", "{D6B94047-E7EB-4F27-A15F-BB3B8F8E1444}"
EndProject
Project("{FAE04EC0-301F-11D3-BF4B-00C04F79EFBC}") = "Weverca.App", "Weverca.App\Weverca.App.csproj", "{9135A7EC-5BC6-42BF-AF34-98812F1ECF63}"
EndProject
Project("{FAE04EC0-301F-11D3-BF4B-00C04F79EFBC}") = "Weverca.CodeMetrics", "Weverca.CodeMetrics\Weverca.CodeMetrics.csproj", "{880143F7-BD66-4ABD-96E7-86FDA5CF8161}"
EndProject
Project("{FAE04EC0-301F-11D3-BF4B-00C04F79EFBC}") = "Weverca.CodeMetrics.UnitTest", "Weverca.CodeMetrics.UnitTest\Weverca.CodeMetrics.UnitTest.csproj", "{B942C23F-5666-4FDD-9813-7B8936C6EA93}"
EndProject
Project("{FAE04EC0-301F-11D3-BF4B-00C04F79EFBC}") = "Weverca.Common", "Weverca.Common\Weverca.Common.csproj", "{3CEE322A-B262-453B-9A92-47D39807E166}"
EndProject
Project("{FAE04EC0-301F-11D3-BF4B-00C04F79EFBC}") = "Weverca.ControlFlowGraph", "Weverca.ControlFlowGraph\Weverca.ControlFlowGraph.csproj", "{C0520BD9-F65F-4DD9-BC71-8E3D3B306707}"
EndProject
Project("{FAE04EC0-301F-11D3-BF4B-00C04F79EFBC}") = "Weverca.ControlFlowGraph.Tester", "Weverca.ControlFlowGraph.Tester\Weverca.ControlFlowGraph.Tester.csproj", "{5A766979-C92A-443D-A976-0DFAAC987EEB}"
EndProject
Project("{FAE04EC0-301F-11D3-BF4B-00C04F79EFBC}") = "Weverca.ControlFlowGraph.UnitTest", "Weverca.ControlFlowGraph.UnitTest\Weverca.ControlFlowGraph.UnitTest.csproj", "{33FB3567-FB67-40C3-977A-44C8B7F0B351}"
EndProject
Project("{FAE04EC0-301F-11D3-BF4B-00C04F79EFBC}") = "Weverca.MemoryModels", "Weverca.MemoryModels\Weverca.MemoryModels.csproj", "{01F0A818-EBE4-431B-9091-0E5DC99382AD}"
EndProject
Project("{FAE04EC0-301F-11D3-BF4B-00C04F79EFBC}") = "Weverca.MemoryModels.UnitTest", "Weverca.MemoryModels.UnitTest\Weverca.MemoryModels.UnitTest.csproj", "{95B23A3A-D548-483C-B1C4-52AADCFC64DA}"
EndProject
Project("{FAE04EC0-301F-11D3-BF4B-00C04F79EFBC}") = "Weverca.Output", "Weverca.Output\Weverca.Output.csproj", "{D43D84C1-1686-48D4-8B9A-BAD6860B6315}"
	ProjectSection(ProjectDependencies) = postProject
		{40CAC1FE-2E53-4F41-ABEA-1A2BB0A4E782} = {40CAC1FE-2E53-4F41-ABEA-1A2BB0A4E782}
	EndProjectSection
EndProject
Project("{FAE04EC0-301F-11D3-BF4B-00C04F79EFBC}") = "Weverca.Parser", "Weverca.Parser\Weverca.Parser.csproj", "{CADF9418-C0F6-4E56-B39E-33522603D0BC}"
EndProject
Project("{FAE04EC0-301F-11D3-BF4B-00C04F79EFBC}") = "Weverca.Taint", "Weverca.Taint\Weverca.Taint\Weverca.Taint.csproj", "{F6DEA013-A45C-47BF-8BA5-2118179D6E73}"
	ProjectSection(ProjectDependencies) = postProject
		{01F0A818-EBE4-431B-9091-0E5DC99382AD} = {01F0A818-EBE4-431B-9091-0E5DC99382AD}
	EndProjectSection
EndProject
Project("{FAE04EC0-301F-11D3-BF4B-00C04F79EFBC}") = "Weverca.Web", "Weverca.Web\Weverca.Web.csproj", "{FC47902F-C2DE-4DFA-B525-22C4A611E263}"
EndProject
Project("{FAE04EC0-301F-11D3-BF4B-00C04F79EFBC}") = "Common.WebDefinitions", "Common.WebDefinitions\Common.WebDefinitions.csproj", "{C7975503-5314-44C7-BE79-6321C16A92A2}"
EndProject
Global
	GlobalSection(SolutionConfigurationPlatforms) = preSolution
		Debug|Any CPU = Debug|Any CPU
		Debug|Mixed Platforms = Debug|Mixed Platforms
		Debug|x64 = Debug|x64
		Debug|x86 = Debug|x86
		Mono|Any CPU = Mono|Any CPU
		Mono|Mixed Platforms = Mono|Mixed Platforms
		Mono|x64 = Mono|x64
		Mono|x86 = Mono|x86
		Release x64|Any CPU = Release x64|Any CPU
		Release x64|Mixed Platforms = Release x64|Mixed Platforms
		Release x64|x64 = Release x64|x64
		Release x64|x86 = Release x64|x86
		Release|Any CPU = Release|Any CPU
		Release|Mixed Platforms = Release|Mixed Platforms
		Release|x64 = Release|x64
		Release|x86 = Release|x86
	EndGlobalSection
	GlobalSection(ProjectConfigurationPlatforms) = postSolution
		{9A2867A2-981C-4B5A-A1C5-EACCC80B5148}.Debug|Any CPU.ActiveCfg = Debug|Any CPU
		{9A2867A2-981C-4B5A-A1C5-EACCC80B5148}.Debug|Any CPU.Build.0 = Debug|Any CPU
		{9A2867A2-981C-4B5A-A1C5-EACCC80B5148}.Debug|Mixed Platforms.ActiveCfg = Debug|Any CPU
		{9A2867A2-981C-4B5A-A1C5-EACCC80B5148}.Debug|Mixed Platforms.Build.0 = Debug|Any CPU
		{9A2867A2-981C-4B5A-A1C5-EACCC80B5148}.Debug|x64.ActiveCfg = Debug|x64
		{9A2867A2-981C-4B5A-A1C5-EACCC80B5148}.Debug|x64.Build.0 = Debug|x64
		{9A2867A2-981C-4B5A-A1C5-EACCC80B5148}.Debug|x86.ActiveCfg = Debug|Any CPU
		{9A2867A2-981C-4B5A-A1C5-EACCC80B5148}.Mono|Any CPU.ActiveCfg = Mono|Any CPU
		{9A2867A2-981C-4B5A-A1C5-EACCC80B5148}.Mono|Any CPU.Build.0 = Mono|Any CPU
		{9A2867A2-981C-4B5A-A1C5-EACCC80B5148}.Mono|Mixed Platforms.ActiveCfg = Mono|Any CPU
		{9A2867A2-981C-4B5A-A1C5-EACCC80B5148}.Mono|Mixed Platforms.Build.0 = Mono|Any CPU
		{9A2867A2-981C-4B5A-A1C5-EACCC80B5148}.Mono|x64.ActiveCfg = Mono|x64
		{9A2867A2-981C-4B5A-A1C5-EACCC80B5148}.Mono|x64.Build.0 = Mono|x64
		{9A2867A2-981C-4B5A-A1C5-EACCC80B5148}.Mono|x86.ActiveCfg = Mono|Any CPU
		{9A2867A2-981C-4B5A-A1C5-EACCC80B5148}.Release x64|Any CPU.ActiveCfg = Release x64|Any CPU
		{9A2867A2-981C-4B5A-A1C5-EACCC80B5148}.Release x64|Any CPU.Build.0 = Release x64|Any CPU
		{9A2867A2-981C-4B5A-A1C5-EACCC80B5148}.Release x64|Mixed Platforms.ActiveCfg = Release x64|Any CPU
		{9A2867A2-981C-4B5A-A1C5-EACCC80B5148}.Release x64|Mixed Platforms.Build.0 = Release x64|Any CPU
		{9A2867A2-981C-4B5A-A1C5-EACCC80B5148}.Release x64|x64.ActiveCfg = Release x64|x64
		{9A2867A2-981C-4B5A-A1C5-EACCC80B5148}.Release x64|x64.Build.0 = Release x64|x64
		{9A2867A2-981C-4B5A-A1C5-EACCC80B5148}.Release x64|x86.ActiveCfg = Release x64|Any CPU
		{9A2867A2-981C-4B5A-A1C5-EACCC80B5148}.Release|Any CPU.ActiveCfg = Release|Any CPU
		{9A2867A2-981C-4B5A-A1C5-EACCC80B5148}.Release|Any CPU.Build.0 = Release|Any CPU
		{9A2867A2-981C-4B5A-A1C5-EACCC80B5148}.Release|Mixed Platforms.ActiveCfg = Release|Any CPU
		{9A2867A2-981C-4B5A-A1C5-EACCC80B5148}.Release|Mixed Platforms.Build.0 = Release|Any CPU
		{9A2867A2-981C-4B5A-A1C5-EACCC80B5148}.Release|x64.ActiveCfg = Release|x64
		{9A2867A2-981C-4B5A-A1C5-EACCC80B5148}.Release|x64.Build.0 = Release|x64
		{9A2867A2-981C-4B5A-A1C5-EACCC80B5148}.Release|x86.ActiveCfg = Release|Any CPU
		{D515E8F4-357C-4CAF-87C1-97D64C5F865A}.Debug|Any CPU.ActiveCfg = Debug|Any CPU
		{D515E8F4-357C-4CAF-87C1-97D64C5F865A}.Debug|Any CPU.Build.0 = Debug|Any CPU
		{D515E8F4-357C-4CAF-87C1-97D64C5F865A}.Debug|Mixed Platforms.ActiveCfg = Debug|Any CPU
		{D515E8F4-357C-4CAF-87C1-97D64C5F865A}.Debug|Mixed Platforms.Build.0 = Debug|Any CPU
		{D515E8F4-357C-4CAF-87C1-97D64C5F865A}.Debug|x64.ActiveCfg = Debug|x64
		{D515E8F4-357C-4CAF-87C1-97D64C5F865A}.Debug|x64.Build.0 = Debug|x64
		{D515E8F4-357C-4CAF-87C1-97D64C5F865A}.Debug|x86.ActiveCfg = Debug|Any CPU
		{D515E8F4-357C-4CAF-87C1-97D64C5F865A}.Mono|Any CPU.ActiveCfg = Mono|Any CPU
		{D515E8F4-357C-4CAF-87C1-97D64C5F865A}.Mono|Any CPU.Build.0 = Mono|Any CPU
		{D515E8F4-357C-4CAF-87C1-97D64C5F865A}.Mono|Mixed Platforms.ActiveCfg = Mono|Any CPU
		{D515E8F4-357C-4CAF-87C1-97D64C5F865A}.Mono|Mixed Platforms.Build.0 = Mono|Any CPU
		{D515E8F4-357C-4CAF-87C1-97D64C5F865A}.Mono|x64.ActiveCfg = Mono|x64
		{D515E8F4-357C-4CAF-87C1-97D64C5F865A}.Mono|x64.Build.0 = Mono|x64
		{D515E8F4-357C-4CAF-87C1-97D64C5F865A}.Mono|x86.ActiveCfg = Mono|Any CPU
		{D515E8F4-357C-4CAF-87C1-97D64C5F865A}.Release x64|Any CPU.ActiveCfg = Release x64|Any CPU
		{D515E8F4-357C-4CAF-87C1-97D64C5F865A}.Release x64|Any CPU.Build.0 = Release x64|Any CPU
		{D515E8F4-357C-4CAF-87C1-97D64C5F865A}.Release x64|Mixed Platforms.ActiveCfg = Release x64|Any CPU
		{D515E8F4-357C-4CAF-87C1-97D64C5F865A}.Release x64|Mixed Platforms.Build.0 = Release x64|Any CPU
		{D515E8F4-357C-4CAF-87C1-97D64C5F865A}.Release x64|x64.ActiveCfg = Release x64|x64
		{D515E8F4-357C-4CAF-87C1-97D64C5F865A}.Release x64|x64.Build.0 = Release x64|x64
		{D515E8F4-357C-4CAF-87C1-97D64C5F865A}.Release x64|x86.ActiveCfg = Release x64|Any CPU
		{D515E8F4-357C-4CAF-87C1-97D64C5F865A}.Release|Any CPU.ActiveCfg = Release|Any CPU
		{D515E8F4-357C-4CAF-87C1-97D64C5F865A}.Release|Any CPU.Build.0 = Release|Any CPU
		{D515E8F4-357C-4CAF-87C1-97D64C5F865A}.Release|Mixed Platforms.ActiveCfg = Release|Any CPU
		{D515E8F4-357C-4CAF-87C1-97D64C5F865A}.Release|Mixed Platforms.Build.0 = Release|Any CPU
		{D515E8F4-357C-4CAF-87C1-97D64C5F865A}.Release|x64.ActiveCfg = Release|x64
		{D515E8F4-357C-4CAF-87C1-97D64C5F865A}.Release|x64.Build.0 = Release|x64
		{D515E8F4-357C-4CAF-87C1-97D64C5F865A}.Release|x86.ActiveCfg = Release|Any CPU
		{4A26A734-9A13-4B70-B2E1-7C448D4C73AC}.Debug|Any CPU.ActiveCfg = Debug|Any CPU
		{4A26A734-9A13-4B70-B2E1-7C448D4C73AC}.Debug|Any CPU.Build.0 = Debug|Any CPU
		{4A26A734-9A13-4B70-B2E1-7C448D4C73AC}.Debug|Mixed Platforms.ActiveCfg = Debug|Any CPU
		{4A26A734-9A13-4B70-B2E1-7C448D4C73AC}.Debug|Mixed Platforms.Build.0 = Debug|Any CPU
		{4A26A734-9A13-4B70-B2E1-7C448D4C73AC}.Debug|x64.ActiveCfg = Debug|x64
		{4A26A734-9A13-4B70-B2E1-7C448D4C73AC}.Debug|x64.Build.0 = Debug|x64
		{4A26A734-9A13-4B70-B2E1-7C448D4C73AC}.Debug|x86.ActiveCfg = Debug|Any CPU
		{4A26A734-9A13-4B70-B2E1-7C448D4C73AC}.Mono|Any CPU.ActiveCfg = Mono|Any CPU
		{4A26A734-9A13-4B70-B2E1-7C448D4C73AC}.Mono|Any CPU.Build.0 = Mono|Any CPU
		{4A26A734-9A13-4B70-B2E1-7C448D4C73AC}.Mono|Mixed Platforms.ActiveCfg = Mono|Any CPU
		{4A26A734-9A13-4B70-B2E1-7C448D4C73AC}.Mono|Mixed Platforms.Build.0 = Mono|Any CPU
		{4A26A734-9A13-4B70-B2E1-7C448D4C73AC}.Mono|x64.ActiveCfg = Mono|x64
		{4A26A734-9A13-4B70-B2E1-7C448D4C73AC}.Mono|x64.Build.0 = Mono|x64
		{4A26A734-9A13-4B70-B2E1-7C448D4C73AC}.Mono|x86.ActiveCfg = Mono|Any CPU
		{4A26A734-9A13-4B70-B2E1-7C448D4C73AC}.Release x64|Any CPU.ActiveCfg = Release x64|Any CPU
		{4A26A734-9A13-4B70-B2E1-7C448D4C73AC}.Release x64|Any CPU.Build.0 = Release x64|Any CPU
		{4A26A734-9A13-4B70-B2E1-7C448D4C73AC}.Release x64|Mixed Platforms.ActiveCfg = Release x64|Any CPU
		{4A26A734-9A13-4B70-B2E1-7C448D4C73AC}.Release x64|Mixed Platforms.Build.0 = Release x64|Any CPU
		{4A26A734-9A13-4B70-B2E1-7C448D4C73AC}.Release x64|x64.ActiveCfg = Release x64|x64
		{4A26A734-9A13-4B70-B2E1-7C448D4C73AC}.Release x64|x64.Build.0 = Release x64|x64
		{4A26A734-9A13-4B70-B2E1-7C448D4C73AC}.Release x64|x86.ActiveCfg = Release x64|Any CPU
		{4A26A734-9A13-4B70-B2E1-7C448D4C73AC}.Release|Any CPU.ActiveCfg = Release|Any CPU
		{4A26A734-9A13-4B70-B2E1-7C448D4C73AC}.Release|Any CPU.Build.0 = Release|Any CPU
		{4A26A734-9A13-4B70-B2E1-7C448D4C73AC}.Release|Mixed Platforms.ActiveCfg = Release|Any CPU
		{4A26A734-9A13-4B70-B2E1-7C448D4C73AC}.Release|Mixed Platforms.Build.0 = Release|Any CPU
		{4A26A734-9A13-4B70-B2E1-7C448D4C73AC}.Release|x64.ActiveCfg = Release|x64
		{4A26A734-9A13-4B70-B2E1-7C448D4C73AC}.Release|x64.Build.0 = Release|x64
		{4A26A734-9A13-4B70-B2E1-7C448D4C73AC}.Release|x86.ActiveCfg = Release|Any CPU
		{40CAC1FE-2E53-4F41-ABEA-1A2BB0A4E782}.Debug|Any CPU.ActiveCfg = Debug|Any CPU
		{40CAC1FE-2E53-4F41-ABEA-1A2BB0A4E782}.Debug|Any CPU.Build.0 = Debug|Any CPU
		{40CAC1FE-2E53-4F41-ABEA-1A2BB0A4E782}.Debug|Mixed Platforms.ActiveCfg = Debug|Any CPU
		{40CAC1FE-2E53-4F41-ABEA-1A2BB0A4E782}.Debug|Mixed Platforms.Build.0 = Debug|Any CPU
		{40CAC1FE-2E53-4F41-ABEA-1A2BB0A4E782}.Debug|x64.ActiveCfg = Debug|x64
		{40CAC1FE-2E53-4F41-ABEA-1A2BB0A4E782}.Debug|x64.Build.0 = Debug|x64
		{40CAC1FE-2E53-4F41-ABEA-1A2BB0A4E782}.Debug|x86.ActiveCfg = Debug|Any CPU
		{40CAC1FE-2E53-4F41-ABEA-1A2BB0A4E782}.Mono|Any CPU.ActiveCfg = Mono|Any CPU
		{40CAC1FE-2E53-4F41-ABEA-1A2BB0A4E782}.Mono|Any CPU.Build.0 = Mono|Any CPU
		{40CAC1FE-2E53-4F41-ABEA-1A2BB0A4E782}.Mono|Mixed Platforms.ActiveCfg = Mono|Any CPU
		{40CAC1FE-2E53-4F41-ABEA-1A2BB0A4E782}.Mono|Mixed Platforms.Build.0 = Mono|Any CPU
		{40CAC1FE-2E53-4F41-ABEA-1A2BB0A4E782}.Mono|x64.ActiveCfg = Mono|x64
		{40CAC1FE-2E53-4F41-ABEA-1A2BB0A4E782}.Mono|x64.Build.0 = Mono|x64
		{40CAC1FE-2E53-4F41-ABEA-1A2BB0A4E782}.Mono|x86.ActiveCfg = Mono|Any CPU
		{40CAC1FE-2E53-4F41-ABEA-1A2BB0A4E782}.Release x64|Any CPU.ActiveCfg = Release x64|Any CPU
		{40CAC1FE-2E53-4F41-ABEA-1A2BB0A4E782}.Release x64|Any CPU.Build.0 = Release x64|Any CPU
		{40CAC1FE-2E53-4F41-ABEA-1A2BB0A4E782}.Release x64|Mixed Platforms.ActiveCfg = Release x64|Any CPU
		{40CAC1FE-2E53-4F41-ABEA-1A2BB0A4E782}.Release x64|Mixed Platforms.Build.0 = Release x64|Any CPU
		{40CAC1FE-2E53-4F41-ABEA-1A2BB0A4E782}.Release x64|x64.ActiveCfg = Release x64|x64
		{40CAC1FE-2E53-4F41-ABEA-1A2BB0A4E782}.Release x64|x64.Build.0 = Release x64|x64
		{40CAC1FE-2E53-4F41-ABEA-1A2BB0A4E782}.Release x64|x86.ActiveCfg = Release x64|Any CPU
		{40CAC1FE-2E53-4F41-ABEA-1A2BB0A4E782}.Release|Any CPU.ActiveCfg = Release|Any CPU
		{40CAC1FE-2E53-4F41-ABEA-1A2BB0A4E782}.Release|Any CPU.Build.0 = Release|Any CPU
		{40CAC1FE-2E53-4F41-ABEA-1A2BB0A4E782}.Release|Mixed Platforms.ActiveCfg = Release|Any CPU
		{40CAC1FE-2E53-4F41-ABEA-1A2BB0A4E782}.Release|Mixed Platforms.Build.0 = Release|Any CPU
		{40CAC1FE-2E53-4F41-ABEA-1A2BB0A4E782}.Release|x64.ActiveCfg = Release|x64
		{40CAC1FE-2E53-4F41-ABEA-1A2BB0A4E782}.Release|x64.Build.0 = Release|x64
		{40CAC1FE-2E53-4F41-ABEA-1A2BB0A4E782}.Release|x86.ActiveCfg = Release|Any CPU
		{2B198688-9ED7-4FD4-9A95-86C4173119C8}.Debug|Any CPU.ActiveCfg = Debug|Any CPU
		{2B198688-9ED7-4FD4-9A95-86C4173119C8}.Debug|Any CPU.Build.0 = Debug|Any CPU
		{2B198688-9ED7-4FD4-9A95-86C4173119C8}.Debug|Mixed Platforms.ActiveCfg = Debug|Any CPU
		{2B198688-9ED7-4FD4-9A95-86C4173119C8}.Debug|Mixed Platforms.Build.0 = Debug|Any CPU
		{2B198688-9ED7-4FD4-9A95-86C4173119C8}.Debug|x64.ActiveCfg = Debug|x64
		{2B198688-9ED7-4FD4-9A95-86C4173119C8}.Debug|x64.Build.0 = Debug|x64
		{2B198688-9ED7-4FD4-9A95-86C4173119C8}.Debug|x86.ActiveCfg = Debug|Any CPU
		{2B198688-9ED7-4FD4-9A95-86C4173119C8}.Mono|Any CPU.ActiveCfg = Mono|Any CPU
		{2B198688-9ED7-4FD4-9A95-86C4173119C8}.Mono|Any CPU.Build.0 = Mono|Any CPU
		{2B198688-9ED7-4FD4-9A95-86C4173119C8}.Mono|Mixed Platforms.ActiveCfg = Mono|Any CPU
		{2B198688-9ED7-4FD4-9A95-86C4173119C8}.Mono|x64.ActiveCfg = Mono|x64
		{2B198688-9ED7-4FD4-9A95-86C4173119C8}.Mono|x86.ActiveCfg = Mono|Any CPU
		{2B198688-9ED7-4FD4-9A95-86C4173119C8}.Release x64|Any CPU.ActiveCfg = Release x64|Any CPU
		{2B198688-9ED7-4FD4-9A95-86C4173119C8}.Release x64|Any CPU.Build.0 = Release x64|Any CPU
		{2B198688-9ED7-4FD4-9A95-86C4173119C8}.Release x64|Mixed Platforms.ActiveCfg = Release x64|Any CPU
		{2B198688-9ED7-4FD4-9A95-86C4173119C8}.Release x64|Mixed Platforms.Build.0 = Release x64|Any CPU
		{2B198688-9ED7-4FD4-9A95-86C4173119C8}.Release x64|x64.ActiveCfg = Release x64|x64
		{2B198688-9ED7-4FD4-9A95-86C4173119C8}.Release x64|x64.Build.0 = Release x64|x64
		{2B198688-9ED7-4FD4-9A95-86C4173119C8}.Release x64|x86.ActiveCfg = Release x64|Any CPU
		{2B198688-9ED7-4FD4-9A95-86C4173119C8}.Release|Any CPU.ActiveCfg = Release|Any CPU
		{2B198688-9ED7-4FD4-9A95-86C4173119C8}.Release|Any CPU.Build.0 = Release|Any CPU
		{2B198688-9ED7-4FD4-9A95-86C4173119C8}.Release|Mixed Platforms.ActiveCfg = Release|Any CPU
		{2B198688-9ED7-4FD4-9A95-86C4173119C8}.Release|Mixed Platforms.Build.0 = Release|Any CPU
		{2B198688-9ED7-4FD4-9A95-86C4173119C8}.Release|x64.ActiveCfg = Release|x64
		{2B198688-9ED7-4FD4-9A95-86C4173119C8}.Release|x64.Build.0 = Release|x64
		{2B198688-9ED7-4FD4-9A95-86C4173119C8}.Release|x86.ActiveCfg = Release|Any CPU
		{ED9CA050-4D5B-4196-BFBE-DE908A25FCDC}.Debug|Any CPU.ActiveCfg = Debug|Any CPU
		{ED9CA050-4D5B-4196-BFBE-DE908A25FCDC}.Debug|Any CPU.Build.0 = Debug|Any CPU
		{ED9CA050-4D5B-4196-BFBE-DE908A25FCDC}.Debug|Mixed Platforms.ActiveCfg = Debug|Any CPU
		{ED9CA050-4D5B-4196-BFBE-DE908A25FCDC}.Debug|Mixed Platforms.Build.0 = Debug|Any CPU
		{ED9CA050-4D5B-4196-BFBE-DE908A25FCDC}.Debug|x64.ActiveCfg = Debug|x64
		{ED9CA050-4D5B-4196-BFBE-DE908A25FCDC}.Debug|x64.Build.0 = Debug|x64
		{ED9CA050-4D5B-4196-BFBE-DE908A25FCDC}.Debug|x86.ActiveCfg = Debug|Any CPU
		{ED9CA050-4D5B-4196-BFBE-DE908A25FCDC}.Mono|Any CPU.ActiveCfg = Mono|Any CPU
		{ED9CA050-4D5B-4196-BFBE-DE908A25FCDC}.Mono|Any CPU.Build.0 = Mono|Any CPU
		{ED9CA050-4D5B-4196-BFBE-DE908A25FCDC}.Mono|Mixed Platforms.ActiveCfg = Mono|Any CPU
		{ED9CA050-4D5B-4196-BFBE-DE908A25FCDC}.Mono|Mixed Platforms.Build.0 = Mono|Any CPU
		{ED9CA050-4D5B-4196-BFBE-DE908A25FCDC}.Mono|x64.ActiveCfg = Mono|x64
		{ED9CA050-4D5B-4196-BFBE-DE908A25FCDC}.Mono|x64.Build.0 = Mono|x64
		{ED9CA050-4D5B-4196-BFBE-DE908A25FCDC}.Mono|x86.ActiveCfg = Mono|Any CPU
		{ED9CA050-4D5B-4196-BFBE-DE908A25FCDC}.Release x64|Any CPU.ActiveCfg = Release x64|Any CPU
		{ED9CA050-4D5B-4196-BFBE-DE908A25FCDC}.Release x64|Any CPU.Build.0 = Release x64|Any CPU
		{ED9CA050-4D5B-4196-BFBE-DE908A25FCDC}.Release x64|Mixed Platforms.ActiveCfg = Release x64|Any CPU
		{ED9CA050-4D5B-4196-BFBE-DE908A25FCDC}.Release x64|Mixed Platforms.Build.0 = Release x64|Any CPU
		{ED9CA050-4D5B-4196-BFBE-DE908A25FCDC}.Release x64|x64.ActiveCfg = Release x64|x64
		{ED9CA050-4D5B-4196-BFBE-DE908A25FCDC}.Release x64|x64.Build.0 = Release x64|x64
		{ED9CA050-4D5B-4196-BFBE-DE908A25FCDC}.Release x64|x86.ActiveCfg = Release x64|Any CPU
		{ED9CA050-4D5B-4196-BFBE-DE908A25FCDC}.Release|Any CPU.ActiveCfg = Release|Any CPU
		{ED9CA050-4D5B-4196-BFBE-DE908A25FCDC}.Release|Any CPU.Build.0 = Release|Any CPU
		{ED9CA050-4D5B-4196-BFBE-DE908A25FCDC}.Release|Mixed Platforms.ActiveCfg = Release|Any CPU
		{ED9CA050-4D5B-4196-BFBE-DE908A25FCDC}.Release|Mixed Platforms.Build.0 = Release|Any CPU
		{ED9CA050-4D5B-4196-BFBE-DE908A25FCDC}.Release|x64.ActiveCfg = Release|x64
		{ED9CA050-4D5B-4196-BFBE-DE908A25FCDC}.Release|x64.Build.0 = Release|x64
		{ED9CA050-4D5B-4196-BFBE-DE908A25FCDC}.Release|x86.ActiveCfg = Release|Any CPU
		{D6B94047-E7EB-4F27-A15F-BB3B8F8E1444}.Debug|Any CPU.ActiveCfg = Debug|Any CPU
		{D6B94047-E7EB-4F27-A15F-BB3B8F8E1444}.Debug|Any CPU.Build.0 = Debug|Any CPU
		{D6B94047-E7EB-4F27-A15F-BB3B8F8E1444}.Debug|Mixed Platforms.ActiveCfg = Debug|Any CPU
		{D6B94047-E7EB-4F27-A15F-BB3B8F8E1444}.Debug|Mixed Platforms.Build.0 = Debug|Any CPU
		{D6B94047-E7EB-4F27-A15F-BB3B8F8E1444}.Debug|x64.ActiveCfg = Debug|x64
		{D6B94047-E7EB-4F27-A15F-BB3B8F8E1444}.Debug|x64.Build.0 = Debug|x64
		{D6B94047-E7EB-4F27-A15F-BB3B8F8E1444}.Debug|x86.ActiveCfg = Debug|Any CPU
		{D6B94047-E7EB-4F27-A15F-BB3B8F8E1444}.Mono|Any CPU.ActiveCfg = Mono|Any CPU
		{D6B94047-E7EB-4F27-A15F-BB3B8F8E1444}.Mono|Any CPU.Build.0 = Mono|Any CPU
		{D6B94047-E7EB-4F27-A15F-BB3B8F8E1444}.Mono|Mixed Platforms.ActiveCfg = Mono|Any CPU
		{D6B94047-E7EB-4F27-A15F-BB3B8F8E1444}.Mono|x64.ActiveCfg = Mono|x64
		{D6B94047-E7EB-4F27-A15F-BB3B8F8E1444}.Mono|x86.ActiveCfg = Mono|Any CPU
		{D6B94047-E7EB-4F27-A15F-BB3B8F8E1444}.Release x64|Any CPU.ActiveCfg = Release x64|Any CPU
		{D6B94047-E7EB-4F27-A15F-BB3B8F8E1444}.Release x64|Any CPU.Build.0 = Release x64|Any CPU
		{D6B94047-E7EB-4F27-A15F-BB3B8F8E1444}.Release x64|Mixed Platforms.ActiveCfg = Release x64|Any CPU
		{D6B94047-E7EB-4F27-A15F-BB3B8F8E1444}.Release x64|Mixed Platforms.Build.0 = Release x64|Any CPU
		{D6B94047-E7EB-4F27-A15F-BB3B8F8E1444}.Release x64|x64.ActiveCfg = Release x64|x64
		{D6B94047-E7EB-4F27-A15F-BB3B8F8E1444}.Release x64|x64.Build.0 = Release x64|x64
		{D6B94047-E7EB-4F27-A15F-BB3B8F8E1444}.Release x64|x86.ActiveCfg = Release x64|Any CPU
		{D6B94047-E7EB-4F27-A15F-BB3B8F8E1444}.Release|Any CPU.ActiveCfg = Release|Any CPU
		{D6B94047-E7EB-4F27-A15F-BB3B8F8E1444}.Release|Any CPU.Build.0 = Release|Any CPU
		{D6B94047-E7EB-4F27-A15F-BB3B8F8E1444}.Release|Mixed Platforms.ActiveCfg = Release|Any CPU
		{D6B94047-E7EB-4F27-A15F-BB3B8F8E1444}.Release|Mixed Platforms.Build.0 = Release|Any CPU
		{D6B94047-E7EB-4F27-A15F-BB3B8F8E1444}.Release|x64.ActiveCfg = Release|x64
		{D6B94047-E7EB-4F27-A15F-BB3B8F8E1444}.Release|x64.Build.0 = Release|x64
		{D6B94047-E7EB-4F27-A15F-BB3B8F8E1444}.Release|x86.ActiveCfg = Release|Any CPU
		{9135A7EC-5BC6-42BF-AF34-98812F1ECF63}.Debug|Any CPU.ActiveCfg = Debug|Any CPU
		{9135A7EC-5BC6-42BF-AF34-98812F1ECF63}.Debug|Any CPU.Build.0 = Debug|Any CPU
		{9135A7EC-5BC6-42BF-AF34-98812F1ECF63}.Debug|Mixed Platforms.ActiveCfg = Debug|x86
		{9135A7EC-5BC6-42BF-AF34-98812F1ECF63}.Debug|Mixed Platforms.Build.0 = Debug|x86
		{9135A7EC-5BC6-42BF-AF34-98812F1ECF63}.Debug|x64.ActiveCfg = Debug|Any CPU
		{9135A7EC-5BC6-42BF-AF34-98812F1ECF63}.Debug|x64.Build.0 = Debug|Any CPU
		{9135A7EC-5BC6-42BF-AF34-98812F1ECF63}.Debug|x86.ActiveCfg = Debug|x86
		{9135A7EC-5BC6-42BF-AF34-98812F1ECF63}.Debug|x86.Build.0 = Debug|x86
		{9135A7EC-5BC6-42BF-AF34-98812F1ECF63}.Mono|Any CPU.ActiveCfg = Mono|Any CPU
		{9135A7EC-5BC6-42BF-AF34-98812F1ECF63}.Mono|Mixed Platforms.ActiveCfg = Mono|x86
		{9135A7EC-5BC6-42BF-AF34-98812F1ECF63}.Mono|Mixed Platforms.Build.0 = Mono|x86
		{9135A7EC-5BC6-42BF-AF34-98812F1ECF63}.Mono|x64.ActiveCfg = Mono|Any CPU
		{9135A7EC-5BC6-42BF-AF34-98812F1ECF63}.Mono|x64.Build.0 = Mono|Any CPU
		{9135A7EC-5BC6-42BF-AF34-98812F1ECF63}.Mono|x86.ActiveCfg = Mono|x86
		{9135A7EC-5BC6-42BF-AF34-98812F1ECF63}.Release x64|Any CPU.ActiveCfg = Release|Any CPU
		{9135A7EC-5BC6-42BF-AF34-98812F1ECF63}.Release x64|Any CPU.Build.0 = Release|Any CPU
		{9135A7EC-5BC6-42BF-AF34-98812F1ECF63}.Release x64|Mixed Platforms.ActiveCfg = Release|x86
		{9135A7EC-5BC6-42BF-AF34-98812F1ECF63}.Release x64|Mixed Platforms.Build.0 = Release|x86
		{9135A7EC-5BC6-42BF-AF34-98812F1ECF63}.Release x64|x64.ActiveCfg = Release|Any CPU
		{9135A7EC-5BC6-42BF-AF34-98812F1ECF63}.Release x64|x64.Build.0 = Release|Any CPU
		{9135A7EC-5BC6-42BF-AF34-98812F1ECF63}.Release x64|x86.ActiveCfg = Release|x86
		{9135A7EC-5BC6-42BF-AF34-98812F1ECF63}.Release x64|x86.Build.0 = Release|x86
		{9135A7EC-5BC6-42BF-AF34-98812F1ECF63}.Release|Any CPU.ActiveCfg = Release|Any CPU
		{9135A7EC-5BC6-42BF-AF34-98812F1ECF63}.Release|Any CPU.Build.0 = Release|Any CPU
		{9135A7EC-5BC6-42BF-AF34-98812F1ECF63}.Release|Mixed Platforms.ActiveCfg = Release|x86
		{9135A7EC-5BC6-42BF-AF34-98812F1ECF63}.Release|Mixed Platforms.Build.0 = Release|x86
		{9135A7EC-5BC6-42BF-AF34-98812F1ECF63}.Release|x64.ActiveCfg = Release|Any CPU
		{9135A7EC-5BC6-42BF-AF34-98812F1ECF63}.Release|x86.ActiveCfg = Release|x86
		{9135A7EC-5BC6-42BF-AF34-98812F1ECF63}.Release|x86.Build.0 = Release|x86
		{880143F7-BD66-4ABD-96E7-86FDA5CF8161}.Debug|Any CPU.ActiveCfg = Debug|Any CPU
		{880143F7-BD66-4ABD-96E7-86FDA5CF8161}.Debug|Any CPU.Build.0 = Debug|Any CPU
		{880143F7-BD66-4ABD-96E7-86FDA5CF8161}.Debug|Mixed Platforms.ActiveCfg = Debug|Any CPU
		{880143F7-BD66-4ABD-96E7-86FDA5CF8161}.Debug|Mixed Platforms.Build.0 = Debug|Any CPU
		{880143F7-BD66-4ABD-96E7-86FDA5CF8161}.Debug|x64.ActiveCfg = Debug|x64
		{880143F7-BD66-4ABD-96E7-86FDA5CF8161}.Debug|x64.Build.0 = Debug|x64
		{880143F7-BD66-4ABD-96E7-86FDA5CF8161}.Debug|x86.ActiveCfg = Debug|Any CPU
		{880143F7-BD66-4ABD-96E7-86FDA5CF8161}.Mono|Any CPU.ActiveCfg = Mono|Any CPU
		{880143F7-BD66-4ABD-96E7-86FDA5CF8161}.Mono|Any CPU.Build.0 = Mono|Any CPU
		{880143F7-BD66-4ABD-96E7-86FDA5CF8161}.Mono|Mixed Platforms.ActiveCfg = Mono|Any CPU
		{880143F7-BD66-4ABD-96E7-86FDA5CF8161}.Mono|Mixed Platforms.Build.0 = Mono|Any CPU
		{880143F7-BD66-4ABD-96E7-86FDA5CF8161}.Mono|x64.ActiveCfg = Mono|x64
		{880143F7-BD66-4ABD-96E7-86FDA5CF8161}.Mono|x64.Build.0 = Mono|x64
		{880143F7-BD66-4ABD-96E7-86FDA5CF8161}.Mono|x86.ActiveCfg = Mono|Any CPU
		{880143F7-BD66-4ABD-96E7-86FDA5CF8161}.Release x64|Any CPU.ActiveCfg = Release x64|Any CPU
		{880143F7-BD66-4ABD-96E7-86FDA5CF8161}.Release x64|Any CPU.Build.0 = Release x64|Any CPU
		{880143F7-BD66-4ABD-96E7-86FDA5CF8161}.Release x64|Mixed Platforms.ActiveCfg = Release x64|Any CPU
		{880143F7-BD66-4ABD-96E7-86FDA5CF8161}.Release x64|Mixed Platforms.Build.0 = Release x64|Any CPU
		{880143F7-BD66-4ABD-96E7-86FDA5CF8161}.Release x64|x64.ActiveCfg = Release x64|x64
		{880143F7-BD66-4ABD-96E7-86FDA5CF8161}.Release x64|x64.Build.0 = Release x64|x64
		{880143F7-BD66-4ABD-96E7-86FDA5CF8161}.Release x64|x86.ActiveCfg = Release x64|Any CPU
		{880143F7-BD66-4ABD-96E7-86FDA5CF8161}.Release|Any CPU.ActiveCfg = Release|Any CPU
		{880143F7-BD66-4ABD-96E7-86FDA5CF8161}.Release|Any CPU.Build.0 = Release|Any CPU
		{880143F7-BD66-4ABD-96E7-86FDA5CF8161}.Release|Mixed Platforms.ActiveCfg = Release|Any CPU
		{880143F7-BD66-4ABD-96E7-86FDA5CF8161}.Release|Mixed Platforms.Build.0 = Release|Any CPU
		{880143F7-BD66-4ABD-96E7-86FDA5CF8161}.Release|x64.ActiveCfg = Release|x64
		{880143F7-BD66-4ABD-96E7-86FDA5CF8161}.Release|x64.Build.0 = Release|x64
		{880143F7-BD66-4ABD-96E7-86FDA5CF8161}.Release|x86.ActiveCfg = Release|Any CPU
		{B942C23F-5666-4FDD-9813-7B8936C6EA93}.Debug|Any CPU.ActiveCfg = Debug|Any CPU
		{B942C23F-5666-4FDD-9813-7B8936C6EA93}.Debug|Any CPU.Build.0 = Debug|Any CPU
		{B942C23F-5666-4FDD-9813-7B8936C6EA93}.Debug|Mixed Platforms.ActiveCfg = Debug|Any CPU
		{B942C23F-5666-4FDD-9813-7B8936C6EA93}.Debug|Mixed Platforms.Build.0 = Debug|Any CPU
		{B942C23F-5666-4FDD-9813-7B8936C6EA93}.Debug|x64.ActiveCfg = Debug|x64
		{B942C23F-5666-4FDD-9813-7B8936C6EA93}.Debug|x64.Build.0 = Debug|x64
		{B942C23F-5666-4FDD-9813-7B8936C6EA93}.Debug|x86.ActiveCfg = Debug|Any CPU
		{B942C23F-5666-4FDD-9813-7B8936C6EA93}.Mono|Any CPU.ActiveCfg = Mono|Any CPU
		{B942C23F-5666-4FDD-9813-7B8936C6EA93}.Mono|Any CPU.Build.0 = Mono|Any CPU
		{B942C23F-5666-4FDD-9813-7B8936C6EA93}.Mono|Mixed Platforms.ActiveCfg = Mono|Any CPU
		{B942C23F-5666-4FDD-9813-7B8936C6EA93}.Mono|x64.ActiveCfg = Mono|x64
		{B942C23F-5666-4FDD-9813-7B8936C6EA93}.Mono|x86.ActiveCfg = Mono|Any CPU
		{B942C23F-5666-4FDD-9813-7B8936C6EA93}.Release x64|Any CPU.ActiveCfg = Release x64|Any CPU
		{B942C23F-5666-4FDD-9813-7B8936C6EA93}.Release x64|Any CPU.Build.0 = Release x64|Any CPU
		{B942C23F-5666-4FDD-9813-7B8936C6EA93}.Release x64|Mixed Platforms.ActiveCfg = Release x64|Any CPU
		{B942C23F-5666-4FDD-9813-7B8936C6EA93}.Release x64|Mixed Platforms.Build.0 = Release x64|Any CPU
		{B942C23F-5666-4FDD-9813-7B8936C6EA93}.Release x64|x64.ActiveCfg = Release x64|x64
		{B942C23F-5666-4FDD-9813-7B8936C6EA93}.Release x64|x64.Build.0 = Release x64|x64
		{B942C23F-5666-4FDD-9813-7B8936C6EA93}.Release x64|x86.ActiveCfg = Release x64|Any CPU
		{B942C23F-5666-4FDD-9813-7B8936C6EA93}.Release|Any CPU.ActiveCfg = Release|Any CPU
		{B942C23F-5666-4FDD-9813-7B8936C6EA93}.Release|Any CPU.Build.0 = Release|Any CPU
		{B942C23F-5666-4FDD-9813-7B8936C6EA93}.Release|Mixed Platforms.ActiveCfg = Release|Any CPU
		{B942C23F-5666-4FDD-9813-7B8936C6EA93}.Release|Mixed Platforms.Build.0 = Release|Any CPU
		{B942C23F-5666-4FDD-9813-7B8936C6EA93}.Release|x64.ActiveCfg = Release|x64
		{B942C23F-5666-4FDD-9813-7B8936C6EA93}.Release|x64.Build.0 = Release|x64
		{B942C23F-5666-4FDD-9813-7B8936C6EA93}.Release|x86.ActiveCfg = Release|Any CPU
		{3CEE322A-B262-453B-9A92-47D39807E166}.Debug|Any CPU.ActiveCfg = Debug|Any CPU
		{3CEE322A-B262-453B-9A92-47D39807E166}.Debug|Any CPU.Build.0 = Debug|Any CPU
		{3CEE322A-B262-453B-9A92-47D39807E166}.Debug|Mixed Platforms.ActiveCfg = Debug|Any CPU
		{3CEE322A-B262-453B-9A92-47D39807E166}.Debug|Mixed Platforms.Build.0 = Debug|Any CPU
		{3CEE322A-B262-453B-9A92-47D39807E166}.Debug|x64.ActiveCfg = Debug|x64
		{3CEE322A-B262-453B-9A92-47D39807E166}.Debug|x64.Build.0 = Debug|x64
		{3CEE322A-B262-453B-9A92-47D39807E166}.Debug|x86.ActiveCfg = Debug|Any CPU
		{3CEE322A-B262-453B-9A92-47D39807E166}.Mono|Any CPU.ActiveCfg = Mono|Any CPU
		{3CEE322A-B262-453B-9A92-47D39807E166}.Mono|Any CPU.Build.0 = Mono|Any CPU
		{3CEE322A-B262-453B-9A92-47D39807E166}.Mono|Mixed Platforms.ActiveCfg = Mono|Any CPU
		{3CEE322A-B262-453B-9A92-47D39807E166}.Mono|Mixed Platforms.Build.0 = Mono|Any CPU
		{3CEE322A-B262-453B-9A92-47D39807E166}.Mono|x64.ActiveCfg = Mono|x64
		{3CEE322A-B262-453B-9A92-47D39807E166}.Mono|x64.Build.0 = Mono|x64
		{3CEE322A-B262-453B-9A92-47D39807E166}.Mono|x86.ActiveCfg = Mono|Any CPU
		{3CEE322A-B262-453B-9A92-47D39807E166}.Release x64|Any CPU.ActiveCfg = Release x64|Any CPU
		{3CEE322A-B262-453B-9A92-47D39807E166}.Release x64|Any CPU.Build.0 = Release x64|Any CPU
		{3CEE322A-B262-453B-9A92-47D39807E166}.Release x64|Mixed Platforms.ActiveCfg = Release x64|Any CPU
		{3CEE322A-B262-453B-9A92-47D39807E166}.Release x64|Mixed Platforms.Build.0 = Release x64|Any CPU
		{3CEE322A-B262-453B-9A92-47D39807E166}.Release x64|x64.ActiveCfg = Release x64|x64
		{3CEE322A-B262-453B-9A92-47D39807E166}.Release x64|x64.Build.0 = Release x64|x64
		{3CEE322A-B262-453B-9A92-47D39807E166}.Release x64|x86.ActiveCfg = Release x64|Any CPU
		{3CEE322A-B262-453B-9A92-47D39807E166}.Release|Any CPU.ActiveCfg = Release|Any CPU
		{3CEE322A-B262-453B-9A92-47D39807E166}.Release|Any CPU.Build.0 = Release|Any CPU
		{3CEE322A-B262-453B-9A92-47D39807E166}.Release|Mixed Platforms.ActiveCfg = Release|Any CPU
		{3CEE322A-B262-453B-9A92-47D39807E166}.Release|Mixed Platforms.Build.0 = Release|Any CPU
		{3CEE322A-B262-453B-9A92-47D39807E166}.Release|x64.ActiveCfg = Release|x64
		{3CEE322A-B262-453B-9A92-47D39807E166}.Release|x64.Build.0 = Release|x64
		{3CEE322A-B262-453B-9A92-47D39807E166}.Release|x86.ActiveCfg = Release|Any CPU
		{C0520BD9-F65F-4DD9-BC71-8E3D3B306707}.Debug|Any CPU.ActiveCfg = Debug|Any CPU
		{C0520BD9-F65F-4DD9-BC71-8E3D3B306707}.Debug|Any CPU.Build.0 = Debug|Any CPU
		{C0520BD9-F65F-4DD9-BC71-8E3D3B306707}.Debug|Mixed Platforms.ActiveCfg = Debug|Any CPU
		{C0520BD9-F65F-4DD9-BC71-8E3D3B306707}.Debug|Mixed Platforms.Build.0 = Debug|Any CPU
		{C0520BD9-F65F-4DD9-BC71-8E3D3B306707}.Debug|x64.ActiveCfg = Debug|x64
		{C0520BD9-F65F-4DD9-BC71-8E3D3B306707}.Debug|x64.Build.0 = Debug|x64
		{C0520BD9-F65F-4DD9-BC71-8E3D3B306707}.Debug|x86.ActiveCfg = Debug|Any CPU
		{C0520BD9-F65F-4DD9-BC71-8E3D3B306707}.Mono|Any CPU.ActiveCfg = Mono|Any CPU
		{C0520BD9-F65F-4DD9-BC71-8E3D3B306707}.Mono|Any CPU.Build.0 = Mono|Any CPU
		{C0520BD9-F65F-4DD9-BC71-8E3D3B306707}.Mono|Mixed Platforms.ActiveCfg = Mono|Any CPU
		{C0520BD9-F65F-4DD9-BC71-8E3D3B306707}.Mono|Mixed Platforms.Build.0 = Mono|Any CPU
		{C0520BD9-F65F-4DD9-BC71-8E3D3B306707}.Mono|x64.ActiveCfg = Mono|x64
		{C0520BD9-F65F-4DD9-BC71-8E3D3B306707}.Mono|x64.Build.0 = Mono|x64
		{C0520BD9-F65F-4DD9-BC71-8E3D3B306707}.Mono|x86.ActiveCfg = Mono|Any CPU
		{C0520BD9-F65F-4DD9-BC71-8E3D3B306707}.Release x64|Any CPU.ActiveCfg = Release x64|Any CPU
		{C0520BD9-F65F-4DD9-BC71-8E3D3B306707}.Release x64|Any CPU.Build.0 = Release x64|Any CPU
		{C0520BD9-F65F-4DD9-BC71-8E3D3B306707}.Release x64|Mixed Platforms.ActiveCfg = Release x64|Any CPU
		{C0520BD9-F65F-4DD9-BC71-8E3D3B306707}.Release x64|Mixed Platforms.Build.0 = Release x64|Any CPU
		{C0520BD9-F65F-4DD9-BC71-8E3D3B306707}.Release x64|x64.ActiveCfg = Release x64|x64
		{C0520BD9-F65F-4DD9-BC71-8E3D3B306707}.Release x64|x64.Build.0 = Release x64|x64
		{C0520BD9-F65F-4DD9-BC71-8E3D3B306707}.Release x64|x86.ActiveCfg = Release x64|Any CPU
		{C0520BD9-F65F-4DD9-BC71-8E3D3B306707}.Release|Any CPU.ActiveCfg = Release|Any CPU
		{C0520BD9-F65F-4DD9-BC71-8E3D3B306707}.Release|Any CPU.Build.0 = Release|Any CPU
		{C0520BD9-F65F-4DD9-BC71-8E3D3B306707}.Release|Mixed Platforms.ActiveCfg = Release|Any CPU
		{C0520BD9-F65F-4DD9-BC71-8E3D3B306707}.Release|Mixed Platforms.Build.0 = Release|Any CPU
		{C0520BD9-F65F-4DD9-BC71-8E3D3B306707}.Release|x64.ActiveCfg = Release|x64
		{C0520BD9-F65F-4DD9-BC71-8E3D3B306707}.Release|x64.Build.0 = Release|x64
		{C0520BD9-F65F-4DD9-BC71-8E3D3B306707}.Release|x86.ActiveCfg = Release|Any CPU
		{5A766979-C92A-443D-A976-0DFAAC987EEB}.Debug|Any CPU.ActiveCfg = Debug|Any CPU
		{5A766979-C92A-443D-A976-0DFAAC987EEB}.Debug|Any CPU.Build.0 = Debug|Any CPU
		{5A766979-C92A-443D-A976-0DFAAC987EEB}.Debug|Mixed Platforms.ActiveCfg = Debug|Any CPU
		{5A766979-C92A-443D-A976-0DFAAC987EEB}.Debug|Mixed Platforms.Build.0 = Debug|Any CPU
		{5A766979-C92A-443D-A976-0DFAAC987EEB}.Debug|x64.ActiveCfg = Debug|x64
		{5A766979-C92A-443D-A976-0DFAAC987EEB}.Debug|x64.Build.0 = Debug|x64
		{5A766979-C92A-443D-A976-0DFAAC987EEB}.Debug|x86.ActiveCfg = Debug|Any CPU
		{5A766979-C92A-443D-A976-0DFAAC987EEB}.Mono|Any CPU.ActiveCfg = Mono|Any CPU
		{5A766979-C92A-443D-A976-0DFAAC987EEB}.Mono|Any CPU.Build.0 = Mono|Any CPU
		{5A766979-C92A-443D-A976-0DFAAC987EEB}.Mono|Mixed Platforms.ActiveCfg = Mono|Any CPU
		{5A766979-C92A-443D-A976-0DFAAC987EEB}.Mono|x64.ActiveCfg = Mono|x64
		{5A766979-C92A-443D-A976-0DFAAC987EEB}.Mono|x86.ActiveCfg = Mono|Any CPU
		{5A766979-C92A-443D-A976-0DFAAC987EEB}.Release x64|Any CPU.ActiveCfg = Release x64|Any CPU
		{5A766979-C92A-443D-A976-0DFAAC987EEB}.Release x64|Any CPU.Build.0 = Release x64|Any CPU
		{5A766979-C92A-443D-A976-0DFAAC987EEB}.Release x64|Mixed Platforms.ActiveCfg = Release x64|Any CPU
		{5A766979-C92A-443D-A976-0DFAAC987EEB}.Release x64|Mixed Platforms.Build.0 = Release x64|Any CPU
		{5A766979-C92A-443D-A976-0DFAAC987EEB}.Release x64|x64.ActiveCfg = Release x64|x64
		{5A766979-C92A-443D-A976-0DFAAC987EEB}.Release x64|x64.Build.0 = Release x64|x64
		{5A766979-C92A-443D-A976-0DFAAC987EEB}.Release x64|x86.ActiveCfg = Release x64|Any CPU
		{5A766979-C92A-443D-A976-0DFAAC987EEB}.Release|Any CPU.ActiveCfg = Release|Any CPU
		{5A766979-C92A-443D-A976-0DFAAC987EEB}.Release|Any CPU.Build.0 = Release|Any CPU
		{5A766979-C92A-443D-A976-0DFAAC987EEB}.Release|Mixed Platforms.ActiveCfg = Release|Any CPU
		{5A766979-C92A-443D-A976-0DFAAC987EEB}.Release|Mixed Platforms.Build.0 = Release|Any CPU
		{5A766979-C92A-443D-A976-0DFAAC987EEB}.Release|x64.ActiveCfg = Release|x64
		{5A766979-C92A-443D-A976-0DFAAC987EEB}.Release|x64.Build.0 = Release|x64
		{5A766979-C92A-443D-A976-0DFAAC987EEB}.Release|x86.ActiveCfg = Release|Any CPU
		{33FB3567-FB67-40C3-977A-44C8B7F0B351}.Debug|Any CPU.ActiveCfg = Debug|Any CPU
		{33FB3567-FB67-40C3-977A-44C8B7F0B351}.Debug|Any CPU.Build.0 = Debug|Any CPU
		{33FB3567-FB67-40C3-977A-44C8B7F0B351}.Debug|Mixed Platforms.ActiveCfg = Debug|Any CPU
		{33FB3567-FB67-40C3-977A-44C8B7F0B351}.Debug|Mixed Platforms.Build.0 = Debug|Any CPU
		{33FB3567-FB67-40C3-977A-44C8B7F0B351}.Debug|x64.ActiveCfg = Debug|x64
		{33FB3567-FB67-40C3-977A-44C8B7F0B351}.Debug|x64.Build.0 = Debug|x64
		{33FB3567-FB67-40C3-977A-44C8B7F0B351}.Debug|x86.ActiveCfg = Debug|Any CPU
		{33FB3567-FB67-40C3-977A-44C8B7F0B351}.Mono|Any CPU.ActiveCfg = Mono|Any CPU
		{33FB3567-FB67-40C3-977A-44C8B7F0B351}.Mono|Any CPU.Build.0 = Mono|Any CPU
		{33FB3567-FB67-40C3-977A-44C8B7F0B351}.Mono|Mixed Platforms.ActiveCfg = Mono|Any CPU
		{33FB3567-FB67-40C3-977A-44C8B7F0B351}.Mono|x64.ActiveCfg = Mono|x64
		{33FB3567-FB67-40C3-977A-44C8B7F0B351}.Mono|x86.ActiveCfg = Mono|Any CPU
		{33FB3567-FB67-40C3-977A-44C8B7F0B351}.Release x64|Any CPU.ActiveCfg = Release x64|Any CPU
		{33FB3567-FB67-40C3-977A-44C8B7F0B351}.Release x64|Any CPU.Build.0 = Release x64|Any CPU
		{33FB3567-FB67-40C3-977A-44C8B7F0B351}.Release x64|Mixed Platforms.ActiveCfg = Release x64|Any CPU
		{33FB3567-FB67-40C3-977A-44C8B7F0B351}.Release x64|Mixed Platforms.Build.0 = Release x64|Any CPU
		{33FB3567-FB67-40C3-977A-44C8B7F0B351}.Release x64|x64.ActiveCfg = Release x64|x64
		{33FB3567-FB67-40C3-977A-44C8B7F0B351}.Release x64|x64.Build.0 = Release x64|x64
		{33FB3567-FB67-40C3-977A-44C8B7F0B351}.Release x64|x86.ActiveCfg = Release x64|Any CPU
		{33FB3567-FB67-40C3-977A-44C8B7F0B351}.Release|Any CPU.ActiveCfg = Release|Any CPU
		{33FB3567-FB67-40C3-977A-44C8B7F0B351}.Release|Any CPU.Build.0 = Release|Any CPU
		{33FB3567-FB67-40C3-977A-44C8B7F0B351}.Release|Mixed Platforms.ActiveCfg = Release|Any CPU
		{33FB3567-FB67-40C3-977A-44C8B7F0B351}.Release|Mixed Platforms.Build.0 = Release|Any CPU
		{33FB3567-FB67-40C3-977A-44C8B7F0B351}.Release|x64.ActiveCfg = Release|x64
		{33FB3567-FB67-40C3-977A-44C8B7F0B351}.Release|x64.Build.0 = Release|x64
		{33FB3567-FB67-40C3-977A-44C8B7F0B351}.Release|x86.ActiveCfg = Release|Any CPU
		{01F0A818-EBE4-431B-9091-0E5DC99382AD}.Debug|Any CPU.ActiveCfg = Debug|Any CPU
		{01F0A818-EBE4-431B-9091-0E5DC99382AD}.Debug|Any CPU.Build.0 = Debug|Any CPU
		{01F0A818-EBE4-431B-9091-0E5DC99382AD}.Debug|Mixed Platforms.ActiveCfg = Debug|Any CPU
		{01F0A818-EBE4-431B-9091-0E5DC99382AD}.Debug|Mixed Platforms.Build.0 = Debug|Any CPU
		{01F0A818-EBE4-431B-9091-0E5DC99382AD}.Debug|x64.ActiveCfg = Debug|x64
		{01F0A818-EBE4-431B-9091-0E5DC99382AD}.Debug|x64.Build.0 = Debug|x64
		{01F0A818-EBE4-431B-9091-0E5DC99382AD}.Debug|x86.ActiveCfg = Debug|Any CPU
		{01F0A818-EBE4-431B-9091-0E5DC99382AD}.Mono|Any CPU.ActiveCfg = Mono|Any CPU
		{01F0A818-EBE4-431B-9091-0E5DC99382AD}.Mono|Any CPU.Build.0 = Mono|Any CPU
		{01F0A818-EBE4-431B-9091-0E5DC99382AD}.Mono|Mixed Platforms.ActiveCfg = Mono|Any CPU
		{01F0A818-EBE4-431B-9091-0E5DC99382AD}.Mono|Mixed Platforms.Build.0 = Mono|Any CPU
		{01F0A818-EBE4-431B-9091-0E5DC99382AD}.Mono|x64.ActiveCfg = Mono|x64
		{01F0A818-EBE4-431B-9091-0E5DC99382AD}.Mono|x64.Build.0 = Mono|x64
		{01F0A818-EBE4-431B-9091-0E5DC99382AD}.Mono|x86.ActiveCfg = Mono|Any CPU
		{01F0A818-EBE4-431B-9091-0E5DC99382AD}.Release x64|Any CPU.ActiveCfg = Release x64|Any CPU
		{01F0A818-EBE4-431B-9091-0E5DC99382AD}.Release x64|Any CPU.Build.0 = Release x64|Any CPU
		{01F0A818-EBE4-431B-9091-0E5DC99382AD}.Release x64|Mixed Platforms.ActiveCfg = Release x64|Any CPU
		{01F0A818-EBE4-431B-9091-0E5DC99382AD}.Release x64|Mixed Platforms.Build.0 = Release x64|Any CPU
		{01F0A818-EBE4-431B-9091-0E5DC99382AD}.Release x64|x64.ActiveCfg = Release x64|x64
		{01F0A818-EBE4-431B-9091-0E5DC99382AD}.Release x64|x64.Build.0 = Release x64|x64
		{01F0A818-EBE4-431B-9091-0E5DC99382AD}.Release x64|x86.ActiveCfg = Release x64|Any CPU
		{01F0A818-EBE4-431B-9091-0E5DC99382AD}.Release|Any CPU.ActiveCfg = Release|Any CPU
		{01F0A818-EBE4-431B-9091-0E5DC99382AD}.Release|Any CPU.Build.0 = Release|Any CPU
		{01F0A818-EBE4-431B-9091-0E5DC99382AD}.Release|Mixed Platforms.ActiveCfg = Release|Any CPU
		{01F0A818-EBE4-431B-9091-0E5DC99382AD}.Release|Mixed Platforms.Build.0 = Release|Any CPU
		{01F0A818-EBE4-431B-9091-0E5DC99382AD}.Release|x64.ActiveCfg = Release|x64
		{01F0A818-EBE4-431B-9091-0E5DC99382AD}.Release|x64.Build.0 = Release|x64
		{01F0A818-EBE4-431B-9091-0E5DC99382AD}.Release|x86.ActiveCfg = Release|Any CPU
		{95B23A3A-D548-483C-B1C4-52AADCFC64DA}.Debug|Any CPU.ActiveCfg = Debug|Any CPU
		{95B23A3A-D548-483C-B1C4-52AADCFC64DA}.Debug|Any CPU.Build.0 = Debug|Any CPU
		{95B23A3A-D548-483C-B1C4-52AADCFC64DA}.Debug|Mixed Platforms.ActiveCfg = Debug|Any CPU
		{95B23A3A-D548-483C-B1C4-52AADCFC64DA}.Debug|Mixed Platforms.Build.0 = Debug|Any CPU
		{95B23A3A-D548-483C-B1C4-52AADCFC64DA}.Debug|x64.ActiveCfg = Debug|x64
		{95B23A3A-D548-483C-B1C4-52AADCFC64DA}.Debug|x64.Build.0 = Debug|x64
		{95B23A3A-D548-483C-B1C4-52AADCFC64DA}.Debug|x86.ActiveCfg = Debug|Any CPU
		{95B23A3A-D548-483C-B1C4-52AADCFC64DA}.Mono|Any CPU.ActiveCfg = Mono|Any CPU
		{95B23A3A-D548-483C-B1C4-52AADCFC64DA}.Mono|Any CPU.Build.0 = Mono|Any CPU
		{95B23A3A-D548-483C-B1C4-52AADCFC64DA}.Mono|Mixed Platforms.ActiveCfg = Mono|Any CPU
		{95B23A3A-D548-483C-B1C4-52AADCFC64DA}.Mono|x64.ActiveCfg = Mono|x64
		{95B23A3A-D548-483C-B1C4-52AADCFC64DA}.Mono|x86.ActiveCfg = Mono|Any CPU
		{95B23A3A-D548-483C-B1C4-52AADCFC64DA}.Release x64|Any CPU.ActiveCfg = Release x64|Any CPU
		{95B23A3A-D548-483C-B1C4-52AADCFC64DA}.Release x64|Any CPU.Build.0 = Release x64|Any CPU
		{95B23A3A-D548-483C-B1C4-52AADCFC64DA}.Release x64|Mixed Platforms.ActiveCfg = Release x64|Any CPU
		{95B23A3A-D548-483C-B1C4-52AADCFC64DA}.Release x64|Mixed Platforms.Build.0 = Release x64|Any CPU
		{95B23A3A-D548-483C-B1C4-52AADCFC64DA}.Release x64|x64.ActiveCfg = Release x64|x64
		{95B23A3A-D548-483C-B1C4-52AADCFC64DA}.Release x64|x64.Build.0 = Release x64|x64
		{95B23A3A-D548-483C-B1C4-52AADCFC64DA}.Release x64|x86.ActiveCfg = Release x64|Any CPU
		{95B23A3A-D548-483C-B1C4-52AADCFC64DA}.Release|Any CPU.ActiveCfg = Release|Any CPU
		{95B23A3A-D548-483C-B1C4-52AADCFC64DA}.Release|Any CPU.Build.0 = Release|Any CPU
		{95B23A3A-D548-483C-B1C4-52AADCFC64DA}.Release|Mixed Platforms.ActiveCfg = Release|Any CPU
		{95B23A3A-D548-483C-B1C4-52AADCFC64DA}.Release|Mixed Platforms.Build.0 = Release|Any CPU
		{95B23A3A-D548-483C-B1C4-52AADCFC64DA}.Release|x64.ActiveCfg = Release|x64
		{95B23A3A-D548-483C-B1C4-52AADCFC64DA}.Release|x64.Build.0 = Release|x64
		{95B23A3A-D548-483C-B1C4-52AADCFC64DA}.Release|x86.ActiveCfg = Release|Any CPU
		{D43D84C1-1686-48D4-8B9A-BAD6860B6315}.Debug|Any CPU.ActiveCfg = Debug|Any CPU
		{D43D84C1-1686-48D4-8B9A-BAD6860B6315}.Debug|Any CPU.Build.0 = Debug|Any CPU
		{D43D84C1-1686-48D4-8B9A-BAD6860B6315}.Debug|Mixed Platforms.ActiveCfg = Debug|Any CPU
		{D43D84C1-1686-48D4-8B9A-BAD6860B6315}.Debug|Mixed Platforms.Build.0 = Debug|Any CPU
		{D43D84C1-1686-48D4-8B9A-BAD6860B6315}.Debug|x64.ActiveCfg = Debug|x64
		{D43D84C1-1686-48D4-8B9A-BAD6860B6315}.Debug|x64.Build.0 = Debug|x64
		{D43D84C1-1686-48D4-8B9A-BAD6860B6315}.Debug|x86.ActiveCfg = Debug|Any CPU
		{D43D84C1-1686-48D4-8B9A-BAD6860B6315}.Mono|Any CPU.ActiveCfg = Mono|Any CPU
		{D43D84C1-1686-48D4-8B9A-BAD6860B6315}.Mono|Any CPU.Build.0 = Mono|Any CPU
		{D43D84C1-1686-48D4-8B9A-BAD6860B6315}.Mono|Mixed Platforms.ActiveCfg = Mono|Any CPU
		{D43D84C1-1686-48D4-8B9A-BAD6860B6315}.Mono|Mixed Platforms.Build.0 = Mono|Any CPU
		{D43D84C1-1686-48D4-8B9A-BAD6860B6315}.Mono|x64.ActiveCfg = Mono|x64
		{D43D84C1-1686-48D4-8B9A-BAD6860B6315}.Mono|x64.Build.0 = Mono|x64
		{D43D84C1-1686-48D4-8B9A-BAD6860B6315}.Mono|x86.ActiveCfg = Mono|Any CPU
		{D43D84C1-1686-48D4-8B9A-BAD6860B6315}.Release x64|Any CPU.ActiveCfg = Release x64|Any CPU
		{D43D84C1-1686-48D4-8B9A-BAD6860B6315}.Release x64|Any CPU.Build.0 = Release x64|Any CPU
		{D43D84C1-1686-48D4-8B9A-BAD6860B6315}.Release x64|Mixed Platforms.ActiveCfg = Release x64|Any CPU
		{D43D84C1-1686-48D4-8B9A-BAD6860B6315}.Release x64|Mixed Platforms.Build.0 = Release x64|Any CPU
		{D43D84C1-1686-48D4-8B9A-BAD6860B6315}.Release x64|x64.ActiveCfg = Release x64|x64
		{D43D84C1-1686-48D4-8B9A-BAD6860B6315}.Release x64|x64.Build.0 = Release x64|x64
		{D43D84C1-1686-48D4-8B9A-BAD6860B6315}.Release x64|x86.ActiveCfg = Release x64|Any CPU
		{D43D84C1-1686-48D4-8B9A-BAD6860B6315}.Release|Any CPU.ActiveCfg = Release|Any CPU
		{D43D84C1-1686-48D4-8B9A-BAD6860B6315}.Release|Any CPU.Build.0 = Release|Any CPU
		{D43D84C1-1686-48D4-8B9A-BAD6860B6315}.Release|Mixed Platforms.ActiveCfg = Release|Any CPU
		{D43D84C1-1686-48D4-8B9A-BAD6860B6315}.Release|Mixed Platforms.Build.0 = Release|Any CPU
		{D43D84C1-1686-48D4-8B9A-BAD6860B6315}.Release|x64.ActiveCfg = Release|x64
		{D43D84C1-1686-48D4-8B9A-BAD6860B6315}.Release|x64.Build.0 = Release|x64
		{D43D84C1-1686-48D4-8B9A-BAD6860B6315}.Release|x86.ActiveCfg = Release|Any CPU
		{CADF9418-C0F6-4E56-B39E-33522603D0BC}.Debug|Any CPU.ActiveCfg = Debug|Any CPU
		{CADF9418-C0F6-4E56-B39E-33522603D0BC}.Debug|Any CPU.Build.0 = Debug|Any CPU
		{CADF9418-C0F6-4E56-B39E-33522603D0BC}.Debug|Mixed Platforms.ActiveCfg = Debug|Any CPU
		{CADF9418-C0F6-4E56-B39E-33522603D0BC}.Debug|Mixed Platforms.Build.0 = Debug|Any CPU
		{CADF9418-C0F6-4E56-B39E-33522603D0BC}.Debug|x64.ActiveCfg = Debug|x64
		{CADF9418-C0F6-4E56-B39E-33522603D0BC}.Debug|x64.Build.0 = Debug|x64
		{CADF9418-C0F6-4E56-B39E-33522603D0BC}.Debug|x86.ActiveCfg = Debug|Any CPU
		{CADF9418-C0F6-4E56-B39E-33522603D0BC}.Mono|Any CPU.ActiveCfg = Mono|Any CPU
		{CADF9418-C0F6-4E56-B39E-33522603D0BC}.Mono|Any CPU.Build.0 = Mono|Any CPU
		{CADF9418-C0F6-4E56-B39E-33522603D0BC}.Mono|Mixed Platforms.ActiveCfg = Mono|Any CPU
		{CADF9418-C0F6-4E56-B39E-33522603D0BC}.Mono|Mixed Platforms.Build.0 = Mono|Any CPU
		{CADF9418-C0F6-4E56-B39E-33522603D0BC}.Mono|x64.ActiveCfg = Mono|x64
		{CADF9418-C0F6-4E56-B39E-33522603D0BC}.Mono|x64.Build.0 = Mono|x64
		{CADF9418-C0F6-4E56-B39E-33522603D0BC}.Mono|x86.ActiveCfg = Mono|Any CPU
		{CADF9418-C0F6-4E56-B39E-33522603D0BC}.Release x64|Any CPU.ActiveCfg = Release x64|Any CPU
		{CADF9418-C0F6-4E56-B39E-33522603D0BC}.Release x64|Any CPU.Build.0 = Release x64|Any CPU
		{CADF9418-C0F6-4E56-B39E-33522603D0BC}.Release x64|Mixed Platforms.ActiveCfg = Release x64|Any CPU
		{CADF9418-C0F6-4E56-B39E-33522603D0BC}.Release x64|Mixed Platforms.Build.0 = Release x64|Any CPU
		{CADF9418-C0F6-4E56-B39E-33522603D0BC}.Release x64|x64.ActiveCfg = Release x64|x64
		{CADF9418-C0F6-4E56-B39E-33522603D0BC}.Release x64|x64.Build.0 = Release x64|x64
		{CADF9418-C0F6-4E56-B39E-33522603D0BC}.Release x64|x86.ActiveCfg = Release x64|Any CPU
		{CADF9418-C0F6-4E56-B39E-33522603D0BC}.Release|Any CPU.ActiveCfg = Release|Any CPU
		{CADF9418-C0F6-4E56-B39E-33522603D0BC}.Release|Any CPU.Build.0 = Release|Any CPU
		{CADF9418-C0F6-4E56-B39E-33522603D0BC}.Release|Mixed Platforms.ActiveCfg = Release|Any CPU
		{CADF9418-C0F6-4E56-B39E-33522603D0BC}.Release|Mixed Platforms.Build.0 = Release|Any CPU
		{CADF9418-C0F6-4E56-B39E-33522603D0BC}.Release|x64.ActiveCfg = Release|x64
		{CADF9418-C0F6-4E56-B39E-33522603D0BC}.Release|x64.Build.0 = Release|x64
		{CADF9418-C0F6-4E56-B39E-33522603D0BC}.Release|x86.ActiveCfg = Release|Any CPU
		{F6DEA013-A45C-47BF-8BA5-2118179D6E73}.Debug|Any CPU.ActiveCfg = Debug|Any CPU
		{F6DEA013-A45C-47BF-8BA5-2118179D6E73}.Debug|Any CPU.Build.0 = Debug|Any CPU
		{F6DEA013-A45C-47BF-8BA5-2118179D6E73}.Debug|Mixed Platforms.ActiveCfg = Debug|Any CPU
		{F6DEA013-A45C-47BF-8BA5-2118179D6E73}.Debug|Mixed Platforms.Build.0 = Debug|Any CPU
		{F6DEA013-A45C-47BF-8BA5-2118179D6E73}.Debug|x64.ActiveCfg = Debug|x64
		{F6DEA013-A45C-47BF-8BA5-2118179D6E73}.Debug|x64.Build.0 = Debug|x64
		{F6DEA013-A45C-47BF-8BA5-2118179D6E73}.Debug|x86.ActiveCfg = Debug|Any CPU
		{F6DEA013-A45C-47BF-8BA5-2118179D6E73}.Mono|Any CPU.ActiveCfg = Mono|Any CPU
		{F6DEA013-A45C-47BF-8BA5-2118179D6E73}.Mono|Any CPU.Build.0 = Mono|Any CPU
		{F6DEA013-A45C-47BF-8BA5-2118179D6E73}.Mono|Mixed Platforms.ActiveCfg = Mono|Any CPU
		{F6DEA013-A45C-47BF-8BA5-2118179D6E73}.Mono|Mixed Platforms.Build.0 = Mono|Any CPU
		{F6DEA013-A45C-47BF-8BA5-2118179D6E73}.Mono|x64.ActiveCfg = Mono|x64
		{F6DEA013-A45C-47BF-8BA5-2118179D6E73}.Mono|x64.Build.0 = Mono|x64
		{F6DEA013-A45C-47BF-8BA5-2118179D6E73}.Mono|x86.ActiveCfg = Mono|Any CPU
		{F6DEA013-A45C-47BF-8BA5-2118179D6E73}.Release x64|Any CPU.ActiveCfg = Release x64|Any CPU
		{F6DEA013-A45C-47BF-8BA5-2118179D6E73}.Release x64|Any CPU.Build.0 = Release x64|Any CPU
		{F6DEA013-A45C-47BF-8BA5-2118179D6E73}.Release x64|Mixed Platforms.ActiveCfg = Release x64|Any CPU
		{F6DEA013-A45C-47BF-8BA5-2118179D6E73}.Release x64|Mixed Platforms.Build.0 = Release x64|Any CPU
		{F6DEA013-A45C-47BF-8BA5-2118179D6E73}.Release x64|x64.ActiveCfg = Release x64|x64
		{F6DEA013-A45C-47BF-8BA5-2118179D6E73}.Release x64|x64.Build.0 = Release x64|x64
		{F6DEA013-A45C-47BF-8BA5-2118179D6E73}.Release x64|x86.ActiveCfg = Release x64|Any CPU
		{F6DEA013-A45C-47BF-8BA5-2118179D6E73}.Release|Any CPU.ActiveCfg = Release|Any CPU
		{F6DEA013-A45C-47BF-8BA5-2118179D6E73}.Release|Any CPU.Build.0 = Release|Any CPU
		{F6DEA013-A45C-47BF-8BA5-2118179D6E73}.Release|Mixed Platforms.ActiveCfg = Release|Any CPU
		{F6DEA013-A45C-47BF-8BA5-2118179D6E73}.Release|Mixed Platforms.Build.0 = Release|Any CPU
		{F6DEA013-A45C-47BF-8BA5-2118179D6E73}.Release|x64.ActiveCfg = Release|x64
		{F6DEA013-A45C-47BF-8BA5-2118179D6E73}.Release|x64.Build.0 = Release|x64
		{F6DEA013-A45C-47BF-8BA5-2118179D6E73}.Release|x86.ActiveCfg = Release|Any CPU
		{FC47902F-C2DE-4DFA-B525-22C4A611E263}.Debug|Any CPU.ActiveCfg = Debug|Any CPU
		{FC47902F-C2DE-4DFA-B525-22C4A611E263}.Debug|Any CPU.Build.0 = Debug|Any CPU
		{FC47902F-C2DE-4DFA-B525-22C4A611E263}.Debug|Mixed Platforms.ActiveCfg = Debug|Any CPU
		{FC47902F-C2DE-4DFA-B525-22C4A611E263}.Debug|Mixed Platforms.Build.0 = Debug|Any CPU
		{FC47902F-C2DE-4DFA-B525-22C4A611E263}.Debug|x64.ActiveCfg = Debug|x64
		{FC47902F-C2DE-4DFA-B525-22C4A611E263}.Debug|x64.Build.0 = Debug|x64
		{FC47902F-C2DE-4DFA-B525-22C4A611E263}.Debug|x86.ActiveCfg = Debug|Any CPU
		{FC47902F-C2DE-4DFA-B525-22C4A611E263}.Mono|Any CPU.ActiveCfg = Mono|Any CPU
		{FC47902F-C2DE-4DFA-B525-22C4A611E263}.Mono|Any CPU.Build.0 = Mono|Any CPU
		{FC47902F-C2DE-4DFA-B525-22C4A611E263}.Mono|Mixed Platforms.ActiveCfg = Mono|Any CPU
		{FC47902F-C2DE-4DFA-B525-22C4A611E263}.Mono|x64.ActiveCfg = Mono|x64
		{FC47902F-C2DE-4DFA-B525-22C4A611E263}.Mono|x86.ActiveCfg = Mono|Any CPU
		{FC47902F-C2DE-4DFA-B525-22C4A611E263}.Release x64|Any CPU.ActiveCfg = Release x64|Any CPU
		{FC47902F-C2DE-4DFA-B525-22C4A611E263}.Release x64|Any CPU.Build.0 = Release x64|Any CPU
		{FC47902F-C2DE-4DFA-B525-22C4A611E263}.Release x64|Mixed Platforms.ActiveCfg = Release x64|Any CPU
		{FC47902F-C2DE-4DFA-B525-22C4A611E263}.Release x64|Mixed Platforms.Build.0 = Release x64|Any CPU
		{FC47902F-C2DE-4DFA-B525-22C4A611E263}.Release x64|x64.ActiveCfg = Release x64|x64
		{FC47902F-C2DE-4DFA-B525-22C4A611E263}.Release x64|x64.Build.0 = Release x64|x64
		{FC47902F-C2DE-4DFA-B525-22C4A611E263}.Release x64|x86.ActiveCfg = Release x64|Any CPU
		{FC47902F-C2DE-4DFA-B525-22C4A611E263}.Release|Any CPU.ActiveCfg = Release|Any CPU
		{FC47902F-C2DE-4DFA-B525-22C4A611E263}.Release|Any CPU.Build.0 = Release|Any CPU
		{FC47902F-C2DE-4DFA-B525-22C4A611E263}.Release|Mixed Platforms.ActiveCfg = Release|Any CPU
		{FC47902F-C2DE-4DFA-B525-22C4A611E263}.Release|Mixed Platforms.Build.0 = Release|Any CPU
		{FC47902F-C2DE-4DFA-B525-22C4A611E263}.Release|x64.ActiveCfg = Release|x64
		{FC47902F-C2DE-4DFA-B525-22C4A611E263}.Release|x64.Build.0 = Release|x64
		{FC47902F-C2DE-4DFA-B525-22C4A611E263}.Release|x86.ActiveCfg = Release|Any CPU
		{C7975503-5314-44C7-BE79-6321C16A92A2}.Debug|Any CPU.ActiveCfg = Debug|Any CPU
		{C7975503-5314-44C7-BE79-6321C16A92A2}.Debug|Any CPU.Build.0 = Debug|Any CPU
		{C7975503-5314-44C7-BE79-6321C16A92A2}.Debug|Mixed Platforms.ActiveCfg = Debug|Any CPU
		{C7975503-5314-44C7-BE79-6321C16A92A2}.Debug|Mixed Platforms.Build.0 = Debug|Any CPU
		{C7975503-5314-44C7-BE79-6321C16A92A2}.Debug|x64.ActiveCfg = Debug|x64
		{C7975503-5314-44C7-BE79-6321C16A92A2}.Debug|x64.Build.0 = Debug|x64
		{C7975503-5314-44C7-BE79-6321C16A92A2}.Debug|x86.ActiveCfg = Debug|Any CPU
		{C7975503-5314-44C7-BE79-6321C16A92A2}.Mono|Any CPU.ActiveCfg = Mono|Any CPU
		{C7975503-5314-44C7-BE79-6321C16A92A2}.Mono|Any CPU.Build.0 = Mono|Any CPU
		{C7975503-5314-44C7-BE79-6321C16A92A2}.Mono|Mixed Platforms.ActiveCfg = Mono|Any CPU
		{C7975503-5314-44C7-BE79-6321C16A92A2}.Mono|x64.ActiveCfg = Mono|x64
		{C7975503-5314-44C7-BE79-6321C16A92A2}.Mono|x86.ActiveCfg = Mono|Any CPU
		{C7975503-5314-44C7-BE79-6321C16A92A2}.Release x64|Any CPU.ActiveCfg = Release x64|Any CPU
		{C7975503-5314-44C7-BE79-6321C16A92A2}.Release x64|Any CPU.Build.0 = Release x64|Any CPU
		{C7975503-5314-44C7-BE79-6321C16A92A2}.Release x64|Mixed Platforms.ActiveCfg = Release x64|Any CPU
		{C7975503-5314-44C7-BE79-6321C16A92A2}.Release x64|Mixed Platforms.Build.0 = Release x64|Any CPU
		{C7975503-5314-44C7-BE79-6321C16A92A2}.Release x64|x64.ActiveCfg = Release x64|x64
		{C7975503-5314-44C7-BE79-6321C16A92A2}.Release x64|x64.Build.0 = Release x64|x64
		{C7975503-5314-44C7-BE79-6321C16A92A2}.Release x64|x86.ActiveCfg = Release x64|Any CPU
		{C7975503-5314-44C7-BE79-6321C16A92A2}.Release|Any CPU.ActiveCfg = Release|Any CPU
		{C7975503-5314-44C7-BE79-6321C16A92A2}.Release|Any CPU.Build.0 = Release|Any CPU
		{C7975503-5314-44C7-BE79-6321C16A92A2}.Release|Mixed Platforms.ActiveCfg = Release|Any CPU
		{C7975503-5314-44C7-BE79-6321C16A92A2}.Release|Mixed Platforms.Build.0 = Release|Any CPU
		{C7975503-5314-44C7-BE79-6321C16A92A2}.Release|x64.ActiveCfg = Release|x64
		{C7975503-5314-44C7-BE79-6321C16A92A2}.Release|x64.Build.0 = Release|x64
		{C7975503-5314-44C7-BE79-6321C16A92A2}.Release|x86.ActiveCfg = Release|Any CPU
	EndGlobalSection
	GlobalSection(SolutionProperties) = preSolution
		HideSolutionNode = FALSE
	EndGlobalSection
	GlobalSection(MonoDevelopProperties) = preSolution
		StartupItem = ..\..\..\VSProjects\Realisation\Weverca\Weverca.csproj
	EndGlobalSection
EndGlobal
